
Microsoft Visual Studio Solution File, Format Version 11.00
# Visual Studio 2010
Project("{2150E333-8FDC-42A3-9474-1A3956D46DE8}") = "Test Projects", "Test Projects", "{79CC837B-1701-4489-AECE-B4536FD69042}"
EndProject
Project("{2150E333-8FDC-42A3-9474-1A3956D46DE8}") = "info", "info", "{9AF22D3F-FA16-462F-A4C0-5A4E14A8C59E}"
	ProjectSection(SolutionItems) = preProject
		..\changelog.txt = ..\changelog.txt
		..\Install.txt = ..\Install.txt
		..\License.txt = ..\License.txt
		..\ToDo.txt = ..\ToDo.txt
	EndProjectSection
EndProject
Project("{FAE04EC0-301F-11D3-BF4B-00C04F79EFBC}") = "Arashi.Core", "Core\Arashi.Core.csproj", "{1E2BBDC7-CB5E-48C9-AB9B-A4C57204F040}"
EndProject
Project("{FAE04EC0-301F-11D3-BF4B-00C04F79EFBC}") = "Arashi.Web.Mvc", "Web.Mvc\Arashi.Web.Mvc.csproj", "{216D2C63-CD7A-4601-ABB2-A2C9C461F7FD}"
EndProject
Project("{FAE04EC0-301F-11D3-BF4B-00C04F79EFBC}") = "Arashi.Web", "Web\Arashi.Web.csproj", "{335871C6-EDB6-481D-A34C-8E0B167BF392}"
EndProject
Project("{FAE04EC0-301F-11D3-BF4B-00C04F79EFBC}") = "Arashi.Web.Plugins", "Web.Plugins\Arashi.Web.Plugins.csproj", "{94DFA057-C8D4-4ABB-97FA-DFA757F7DC37}"
EndProject
Project("{FAE04EC0-301F-11D3-BF4B-00C04F79EFBC}") = "Arashi.Web.Widgets", "Web.Widgets\Arashi.Web.Widgets.csproj", "{0CA5E827-B910-4CAE-9899-2972696BCEA6}"
EndProject
Project("{FAE04EC0-301F-11D3-BF4B-00C04F79EFBC}") = "Arashi.Services", "Services\Arashi.Services.csproj", "{3B916091-E6E5-472B-8674-A6C0D870C18E}"
EndProject
Project("{FAE04EC0-301F-11D3-BF4B-00C04F79EFBC}") = "Arashi.Core.Domain", "Core.Domain\Arashi.Core.Domain.csproj", "{D5B33537-9C4F-4302-8EA1-F78A6AEFAA79}"
EndProject
Project("{FAE04EC0-301F-11D3-BF4B-00C04F79EFBC}") = "Arashi.Core.NHibernate", "Core.NHibernate\Arashi.Core.NHibernate.csproj", "{267A908C-738F-4041-ADEE-69C6F9A1E607}"
EndProject
Project("{2150E333-8FDC-42A3-9474-1A3956D46DE8}") = "Silverlight MultiFileUpload", "Silverlight MultiFileUpload", "{14F628CA-F904-4EF0-9DC8-4982BB8102F8}"
EndProject
Project("{FAE04EC0-301F-11D3-BF4B-00C04F79EFBC}") = "mpost.SilverlightMultiFileUpload.Core", "SilverlightMultiFileUpload\mpost.SilverlightMultiFileUpload.Core\mpost.SilverlightMultiFileUpload.Core.csproj", "{629D85AF-BB35-4FB2-97C6-7618F2216648}"
EndProject
Project("{FAE04EC0-301F-11D3-BF4B-00C04F79EFBC}") = "mpost.SilverlightMultiFileUpload.Progress", "SilverlightMultiFileUpload\mpost.SilverlightMultiFileUpload.Progress\mpost.SilverlightMultiFileUpload.Progress.csproj", "{ACD7D8A6-2FBE-4F12-BF25-FEE0736A1933}"
EndProject
Project("{FAE04EC0-301F-11D3-BF4B-00C04F79EFBC}") = "mpost.SilverlightMultiFileUpload", "SilverlightMultiFileUpload\mpost.SilverlightMultiFileUpload\mpost.SilverlightMultiFileUpload.csproj", "{3B32FB59-A762-4E76-880F-3BD4721A4D27}"
EndProject
Project("{FAE04EC0-301F-11D3-BF4B-00C04F79EFBC}") = "mpost.SilverlightMultiFileUpload.Lite", "SilverlightMultiFileUpload\mpost.SilverlightMultiFileUpload.Lite\mpost.SilverlightMultiFileUpload.Lite.csproj", "{3447C4D5-B1BB-4A06-93C2-C724BFC3A50A}"
EndProject
Project("{2CFEAB61-6A3B-4EB8-B523-560B4BEEF521}") = "Web.Deploy", "Web.Deploy\Web.Deploy.wdproj", "{9564486E-CF51-4591-86BC-CE2A913ED0C5}"
EndProject
Project("{FAE04EC0-301F-11D3-BF4B-00C04F79EFBC}") = "TestBase", "Tests\TestBase\TestBase.csproj", "{CD0C6623-8535-491D-A82D-BC2D2B496F05}"
EndProject
Project("{FAE04EC0-301F-11D3-BF4B-00C04F79EFBC}") = "Arashi.Core.Test", "Tests\Arashi.Core.Test\Arashi.Core.Test.csproj", "{ADFCE89E-1261-4409-B54E-0FFB77B26941}"
EndProject
Global
	GlobalSection(SolutionConfigurationPlatforms) = preSolution
		Debug|.NET = Debug|.NET
		Debug|Any CPU = Debug|Any CPU
		Debug|Mixed Platforms = Debug|Mixed Platforms
		Default|.NET = Default|.NET
		Default|Any CPU = Default|Any CPU
		Default|Mixed Platforms = Default|Mixed Platforms
		Publish|.NET = Publish|.NET
		Publish|Any CPU = Publish|Any CPU
		Publish|Mixed Platforms = Publish|Mixed Platforms
		Redist|.NET = Redist|.NET
		Redist|Any CPU = Redist|Any CPU
		Redist|Mixed Platforms = Redist|Mixed Platforms
		Release|.NET = Release|.NET
		Release|Any CPU = Release|Any CPU
		Release|Mixed Platforms = Release|Mixed Platforms
	EndGlobalSection
	GlobalSection(ProjectConfigurationPlatforms) = postSolution
		{1E2BBDC7-CB5E-48C9-AB9B-A4C57204F040}.Debug|.NET.ActiveCfg = Debug|Any CPU
		{1E2BBDC7-CB5E-48C9-AB9B-A4C57204F040}.Debug|Any CPU.ActiveCfg = Debug|Any CPU
		{1E2BBDC7-CB5E-48C9-AB9B-A4C57204F040}.Debug|Any CPU.Build.0 = Debug|Any CPU
		{1E2BBDC7-CB5E-48C9-AB9B-A4C57204F040}.Debug|Mixed Platforms.ActiveCfg = Debug|Any CPU
		{1E2BBDC7-CB5E-48C9-AB9B-A4C57204F040}.Debug|Mixed Platforms.Build.0 = Debug|Any CPU
		{1E2BBDC7-CB5E-48C9-AB9B-A4C57204F040}.Default|.NET.ActiveCfg = Debug|Any CPU
		{1E2BBDC7-CB5E-48C9-AB9B-A4C57204F040}.Default|Any CPU.ActiveCfg = Debug|Any CPU
		{1E2BBDC7-CB5E-48C9-AB9B-A4C57204F040}.Default|Any CPU.Build.0 = Debug|Any CPU
		{1E2BBDC7-CB5E-48C9-AB9B-A4C57204F040}.Default|Mixed Platforms.ActiveCfg = Debug|Any CPU
		{1E2BBDC7-CB5E-48C9-AB9B-A4C57204F040}.Default|Mixed Platforms.Build.0 = Debug|Any CPU
		{1E2BBDC7-CB5E-48C9-AB9B-A4C57204F040}.Publish|.NET.ActiveCfg = Publish|Any CPU
		{1E2BBDC7-CB5E-48C9-AB9B-A4C57204F040}.Publish|Any CPU.ActiveCfg = Publish|Any CPU
		{1E2BBDC7-CB5E-48C9-AB9B-A4C57204F040}.Publish|Any CPU.Build.0 = Publish|Any CPU
		{1E2BBDC7-CB5E-48C9-AB9B-A4C57204F040}.Publish|Mixed Platforms.ActiveCfg = Publish|Any CPU
		{1E2BBDC7-CB5E-48C9-AB9B-A4C57204F040}.Publish|Mixed Platforms.Build.0 = Publish|Any CPU
		{1E2BBDC7-CB5E-48C9-AB9B-A4C57204F040}.Redist|.NET.ActiveCfg = Redist|Any CPU
		{1E2BBDC7-CB5E-48C9-AB9B-A4C57204F040}.Redist|Any CPU.ActiveCfg = Redist|Any CPU
		{1E2BBDC7-CB5E-48C9-AB9B-A4C57204F040}.Redist|Any CPU.Build.0 = Redist|Any CPU
		{1E2BBDC7-CB5E-48C9-AB9B-A4C57204F040}.Redist|Mixed Platforms.ActiveCfg = Redist|Any CPU
		{1E2BBDC7-CB5E-48C9-AB9B-A4C57204F040}.Redist|Mixed Platforms.Build.0 = Redist|Any CPU
		{1E2BBDC7-CB5E-48C9-AB9B-A4C57204F040}.Release|.NET.ActiveCfg = Release|Any CPU
		{1E2BBDC7-CB5E-48C9-AB9B-A4C57204F040}.Release|Any CPU.ActiveCfg = Release|Any CPU
		{1E2BBDC7-CB5E-48C9-AB9B-A4C57204F040}.Release|Any CPU.Build.0 = Release|Any CPU
		{1E2BBDC7-CB5E-48C9-AB9B-A4C57204F040}.Release|Mixed Platforms.ActiveCfg = Release|Any CPU
		{1E2BBDC7-CB5E-48C9-AB9B-A4C57204F040}.Release|Mixed Platforms.Build.0 = Release|Any CPU
		{216D2C63-CD7A-4601-ABB2-A2C9C461F7FD}.Debug|.NET.ActiveCfg = Debug|Any CPU
		{216D2C63-CD7A-4601-ABB2-A2C9C461F7FD}.Debug|Any CPU.ActiveCfg = Debug|Any CPU
		{216D2C63-CD7A-4601-ABB2-A2C9C461F7FD}.Debug|Any CPU.Build.0 = Debug|Any CPU
		{216D2C63-CD7A-4601-ABB2-A2C9C461F7FD}.Debug|Mixed Platforms.ActiveCfg = Debug|Any CPU
		{216D2C63-CD7A-4601-ABB2-A2C9C461F7FD}.Debug|Mixed Platforms.Build.0 = Debug|Any CPU
		{216D2C63-CD7A-4601-ABB2-A2C9C461F7FD}.Default|.NET.ActiveCfg = Debug|Any CPU
		{216D2C63-CD7A-4601-ABB2-A2C9C461F7FD}.Default|Any CPU.ActiveCfg = Debug|Any CPU
		{216D2C63-CD7A-4601-ABB2-A2C9C461F7FD}.Default|Any CPU.Build.0 = Debug|Any CPU
		{216D2C63-CD7A-4601-ABB2-A2C9C461F7FD}.Default|Mixed Platforms.ActiveCfg = Debug|Any CPU
		{216D2C63-CD7A-4601-ABB2-A2C9C461F7FD}.Default|Mixed Platforms.Build.0 = Debug|Any CPU
		{216D2C63-CD7A-4601-ABB2-A2C9C461F7FD}.Publish|.NET.ActiveCfg = Publish|Any CPU
		{216D2C63-CD7A-4601-ABB2-A2C9C461F7FD}.Publish|Any CPU.ActiveCfg = Publish|Any CPU
		{216D2C63-CD7A-4601-ABB2-A2C9C461F7FD}.Publish|Any CPU.Build.0 = Publish|Any CPU
		{216D2C63-CD7A-4601-ABB2-A2C9C461F7FD}.Publish|Mixed Platforms.ActiveCfg = Publish|Any CPU
		{216D2C63-CD7A-4601-ABB2-A2C9C461F7FD}.Publish|Mixed Platforms.Build.0 = Publish|Any CPU
		{216D2C63-CD7A-4601-ABB2-A2C9C461F7FD}.Redist|.NET.ActiveCfg = Redist|Any CPU
		{216D2C63-CD7A-4601-ABB2-A2C9C461F7FD}.Redist|Any CPU.ActiveCfg = Redist|Any CPU
		{216D2C63-CD7A-4601-ABB2-A2C9C461F7FD}.Redist|Any CPU.Build.0 = Redist|Any CPU
		{216D2C63-CD7A-4601-ABB2-A2C9C461F7FD}.Redist|Mixed Platforms.ActiveCfg = Redist|Any CPU
		{216D2C63-CD7A-4601-ABB2-A2C9C461F7FD}.Redist|Mixed Platforms.Build.0 = Redist|Any CPU
		{216D2C63-CD7A-4601-ABB2-A2C9C461F7FD}.Release|.NET.ActiveCfg = Release|Any CPU
		{216D2C63-CD7A-4601-ABB2-A2C9C461F7FD}.Release|Any CPU.ActiveCfg = Release|Any CPU
		{216D2C63-CD7A-4601-ABB2-A2C9C461F7FD}.Release|Any CPU.Build.0 = Release|Any CPU
		{216D2C63-CD7A-4601-ABB2-A2C9C461F7FD}.Release|Mixed Platforms.ActiveCfg = Release|Any CPU
		{216D2C63-CD7A-4601-ABB2-A2C9C461F7FD}.Release|Mixed Platforms.Build.0 = Release|Any CPU
		{335871C6-EDB6-481D-A34C-8E0B167BF392}.Debug|.NET.ActiveCfg = Debug|Any CPU
		{335871C6-EDB6-481D-A34C-8E0B167BF392}.Debug|Any CPU.ActiveCfg = Debug|Any CPU
		{335871C6-EDB6-481D-A34C-8E0B167BF392}.Debug|Any CPU.Build.0 = Debug|Any CPU
		{335871C6-EDB6-481D-A34C-8E0B167BF392}.Debug|Mixed Platforms.ActiveCfg = Debug|Any CPU
		{335871C6-EDB6-481D-A34C-8E0B167BF392}.Debug|Mixed Platforms.Build.0 = Debug|Any CPU
		{335871C6-EDB6-481D-A34C-8E0B167BF392}.Default|.NET.ActiveCfg = Debug|Any CPU
		{335871C6-EDB6-481D-A34C-8E0B167BF392}.Default|Any CPU.ActiveCfg = Debug|Any CPU
		{335871C6-EDB6-481D-A34C-8E0B167BF392}.Default|Any CPU.Build.0 = Debug|Any CPU
		{335871C6-EDB6-481D-A34C-8E0B167BF392}.Default|Mixed Platforms.ActiveCfg = Debug|Any CPU
		{335871C6-EDB6-481D-A34C-8E0B167BF392}.Default|Mixed Platforms.Build.0 = Debug|Any CPU
		{335871C6-EDB6-481D-A34C-8E0B167BF392}.Publish|.NET.ActiveCfg = Publish|Any CPU
		{335871C6-EDB6-481D-A34C-8E0B167BF392}.Publish|Any CPU.ActiveCfg = Publish|Any CPU
		{335871C6-EDB6-481D-A34C-8E0B167BF392}.Publish|Any CPU.Build.0 = Publish|Any CPU
		{335871C6-EDB6-481D-A34C-8E0B167BF392}.Publish|Mixed Platforms.ActiveCfg = Publish|Any CPU
		{335871C6-EDB6-481D-A34C-8E0B167BF392}.Publish|Mixed Platforms.Build.0 = Publish|Any CPU
		{335871C6-EDB6-481D-A34C-8E0B167BF392}.Redist|.NET.ActiveCfg = Redist|Any CPU
		{335871C6-EDB6-481D-A34C-8E0B167BF392}.Redist|Any CPU.ActiveCfg = Redist|Any CPU
		{335871C6-EDB6-481D-A34C-8E0B167BF392}.Redist|Any CPU.Build.0 = Redist|Any CPU
		{335871C6-EDB6-481D-A34C-8E0B167BF392}.Redist|Mixed Platforms.ActiveCfg = Redist|Any CPU
		{335871C6-EDB6-481D-A34C-8E0B167BF392}.Redist|Mixed Platforms.Build.0 = Redist|Any CPU
		{335871C6-EDB6-481D-A34C-8E0B167BF392}.Release|.NET.ActiveCfg = Release|Any CPU
		{335871C6-EDB6-481D-A34C-8E0B167BF392}.Release|Any CPU.ActiveCfg = Release|Any CPU
		{335871C6-EDB6-481D-A34C-8E0B167BF392}.Release|Any CPU.Build.0 = Release|Any CPU
		{335871C6-EDB6-481D-A34C-8E0B167BF392}.Release|Mixed Platforms.ActiveCfg = Release|Any CPU
		{335871C6-EDB6-481D-A34C-8E0B167BF392}.Release|Mixed Platforms.Build.0 = Release|Any CPU
		{94DFA057-C8D4-4ABB-97FA-DFA757F7DC37}.Debug|.NET.ActiveCfg = Debug|Any CPU
		{94DFA057-C8D4-4ABB-97FA-DFA757F7DC37}.Debug|Any CPU.ActiveCfg = Debug|Any CPU
		{94DFA057-C8D4-4ABB-97FA-DFA757F7DC37}.Debug|Any CPU.Build.0 = Debug|Any CPU
		{94DFA057-C8D4-4ABB-97FA-DFA757F7DC37}.Debug|Mixed Platforms.ActiveCfg = Debug|Any CPU
		{94DFA057-C8D4-4ABB-97FA-DFA757F7DC37}.Debug|Mixed Platforms.Build.0 = Debug|Any CPU
		{94DFA057-C8D4-4ABB-97FA-DFA757F7DC37}.Default|.NET.ActiveCfg = Debug|Any CPU
		{94DFA057-C8D4-4ABB-97FA-DFA757F7DC37}.Default|Any CPU.ActiveCfg = Debug|Any CPU
		{94DFA057-C8D4-4ABB-97FA-DFA757F7DC37}.Default|Any CPU.Build.0 = Debug|Any CPU
		{94DFA057-C8D4-4ABB-97FA-DFA757F7DC37}.Default|Mixed Platforms.ActiveCfg = Debug|Any CPU
		{94DFA057-C8D4-4ABB-97FA-DFA757F7DC37}.Default|Mixed Platforms.Build.0 = Debug|Any CPU
		{94DFA057-C8D4-4ABB-97FA-DFA757F7DC37}.Publish|.NET.ActiveCfg = Publish|Any CPU
		{94DFA057-C8D4-4ABB-97FA-DFA757F7DC37}.Publish|Any CPU.ActiveCfg = Publish|Any CPU
		{94DFA057-C8D4-4ABB-97FA-DFA757F7DC37}.Publish|Any CPU.Build.0 = Publish|Any CPU
		{94DFA057-C8D4-4ABB-97FA-DFA757F7DC37}.Publish|Mixed Platforms.ActiveCfg = Publish|Any CPU
		{94DFA057-C8D4-4ABB-97FA-DFA757F7DC37}.Publish|Mixed Platforms.Build.0 = Publish|Any CPU
		{94DFA057-C8D4-4ABB-97FA-DFA757F7DC37}.Redist|.NET.ActiveCfg = Redist|Any CPU
		{94DFA057-C8D4-4ABB-97FA-DFA757F7DC37}.Redist|Any CPU.ActiveCfg = Redist|Any CPU
		{94DFA057-C8D4-4ABB-97FA-DFA757F7DC37}.Redist|Any CPU.Build.0 = Redist|Any CPU
		{94DFA057-C8D4-4ABB-97FA-DFA757F7DC37}.Redist|Mixed Platforms.ActiveCfg = Redist|Any CPU
		{94DFA057-C8D4-4ABB-97FA-DFA757F7DC37}.Redist|Mixed Platforms.Build.0 = Redist|Any CPU
		{94DFA057-C8D4-4ABB-97FA-DFA757F7DC37}.Release|.NET.ActiveCfg = Release|Any CPU
		{94DFA057-C8D4-4ABB-97FA-DFA757F7DC37}.Release|Any CPU.ActiveCfg = Release|Any CPU
		{94DFA057-C8D4-4ABB-97FA-DFA757F7DC37}.Release|Any CPU.Build.0 = Release|Any CPU
		{94DFA057-C8D4-4ABB-97FA-DFA757F7DC37}.Release|Mixed Platforms.ActiveCfg = Release|Any CPU
		{94DFA057-C8D4-4ABB-97FA-DFA757F7DC37}.Release|Mixed Platforms.Build.0 = Release|Any CPU
		{0CA5E827-B910-4CAE-9899-2972696BCEA6}.Debug|.NET.ActiveCfg = Debug|Any CPU
		{0CA5E827-B910-4CAE-9899-2972696BCEA6}.Debug|Any CPU.ActiveCfg = Debug|Any CPU
		{0CA5E827-B910-4CAE-9899-2972696BCEA6}.Debug|Any CPU.Build.0 = Debug|Any CPU
		{0CA5E827-B910-4CAE-9899-2972696BCEA6}.Debug|Mixed Platforms.ActiveCfg = Debug|Any CPU
		{0CA5E827-B910-4CAE-9899-2972696BCEA6}.Debug|Mixed Platforms.Build.0 = Debug|Any CPU
		{0CA5E827-B910-4CAE-9899-2972696BCEA6}.Default|.NET.ActiveCfg = Debug|Any CPU
		{0CA5E827-B910-4CAE-9899-2972696BCEA6}.Default|Any CPU.ActiveCfg = Debug|Any CPU
		{0CA5E827-B910-4CAE-9899-2972696BCEA6}.Default|Any CPU.Build.0 = Debug|Any CPU
		{0CA5E827-B910-4CAE-9899-2972696BCEA6}.Default|Mixed Platforms.ActiveCfg = Debug|Any CPU
		{0CA5E827-B910-4CAE-9899-2972696BCEA6}.Default|Mixed Platforms.Build.0 = Debug|Any CPU
		{0CA5E827-B910-4CAE-9899-2972696BCEA6}.Publish|.NET.ActiveCfg = Publish|Any CPU
		{0CA5E827-B910-4CAE-9899-2972696BCEA6}.Publish|Any CPU.ActiveCfg = Publish|Any CPU
		{0CA5E827-B910-4CAE-9899-2972696BCEA6}.Publish|Any CPU.Build.0 = Publish|Any CPU
		{0CA5E827-B910-4CAE-9899-2972696BCEA6}.Publish|Mixed Platforms.ActiveCfg = Publish|Any CPU
		{0CA5E827-B910-4CAE-9899-2972696BCEA6}.Publish|Mixed Platforms.Build.0 = Publish|Any CPU
		{0CA5E827-B910-4CAE-9899-2972696BCEA6}.Redist|.NET.ActiveCfg = Redist|Any CPU
		{0CA5E827-B910-4CAE-9899-2972696BCEA6}.Redist|Any CPU.ActiveCfg = Redist|Any CPU
		{0CA5E827-B910-4CAE-9899-2972696BCEA6}.Redist|Any CPU.Build.0 = Redist|Any CPU
		{0CA5E827-B910-4CAE-9899-2972696BCEA6}.Redist|Mixed Platforms.ActiveCfg = Redist|Any CPU
		{0CA5E827-B910-4CAE-9899-2972696BCEA6}.Redist|Mixed Platforms.Build.0 = Redist|Any CPU
		{0CA5E827-B910-4CAE-9899-2972696BCEA6}.Release|.NET.ActiveCfg = Release|Any CPU
		{0CA5E827-B910-4CAE-9899-2972696BCEA6}.Release|Any CPU.ActiveCfg = Release|Any CPU
		{0CA5E827-B910-4CAE-9899-2972696BCEA6}.Release|Any CPU.Build.0 = Release|Any CPU
		{0CA5E827-B910-4CAE-9899-2972696BCEA6}.Release|Mixed Platforms.ActiveCfg = Release|Any CPU
		{0CA5E827-B910-4CAE-9899-2972696BCEA6}.Release|Mixed Platforms.Build.0 = Release|Any CPU
		{3B916091-E6E5-472B-8674-A6C0D870C18E}.Debug|.NET.ActiveCfg = Debug|Any CPU
		{3B916091-E6E5-472B-8674-A6C0D870C18E}.Debug|Any CPU.ActiveCfg = Debug|Any CPU
		{3B916091-E6E5-472B-8674-A6C0D870C18E}.Debug|Any CPU.Build.0 = Debug|Any CPU
		{3B916091-E6E5-472B-8674-A6C0D870C18E}.Debug|Mixed Platforms.ActiveCfg = Debug|Any CPU
		{3B916091-E6E5-472B-8674-A6C0D870C18E}.Debug|Mixed Platforms.Build.0 = Debug|Any CPU
		{3B916091-E6E5-472B-8674-A6C0D870C18E}.Default|.NET.ActiveCfg = Debug|Any CPU
		{3B916091-E6E5-472B-8674-A6C0D870C18E}.Default|Any CPU.ActiveCfg = Debug|Any CPU
		{3B916091-E6E5-472B-8674-A6C0D870C18E}.Default|Any CPU.Build.0 = Debug|Any CPU
		{3B916091-E6E5-472B-8674-A6C0D870C18E}.Default|Mixed Platforms.ActiveCfg = Debug|Any CPU
		{3B916091-E6E5-472B-8674-A6C0D870C18E}.Default|Mixed Platforms.Build.0 = Debug|Any CPU
		{3B916091-E6E5-472B-8674-A6C0D870C18E}.Publish|.NET.ActiveCfg = Release|Any CPU
		{3B916091-E6E5-472B-8674-A6C0D870C18E}.Publish|Any CPU.ActiveCfg = Release|Any CPU
		{3B916091-E6E5-472B-8674-A6C0D870C18E}.Publish|Any CPU.Build.0 = Release|Any CPU
		{3B916091-E6E5-472B-8674-A6C0D870C18E}.Publish|Mixed Platforms.ActiveCfg = Release|Any CPU
		{3B916091-E6E5-472B-8674-A6C0D870C18E}.Publish|Mixed Platforms.Build.0 = Release|Any CPU
		{3B916091-E6E5-472B-8674-A6C0D870C18E}.Redist|.NET.ActiveCfg = Redist|Any CPU
		{3B916091-E6E5-472B-8674-A6C0D870C18E}.Redist|Any CPU.ActiveCfg = Redist|Any CPU
		{3B916091-E6E5-472B-8674-A6C0D870C18E}.Redist|Any CPU.Build.0 = Redist|Any CPU
		{3B916091-E6E5-472B-8674-A6C0D870C18E}.Redist|Mixed Platforms.ActiveCfg = Redist|Any CPU
		{3B916091-E6E5-472B-8674-A6C0D870C18E}.Redist|Mixed Platforms.Build.0 = Redist|Any CPU
		{3B916091-E6E5-472B-8674-A6C0D870C18E}.Release|.NET.ActiveCfg = Release|Any CPU
		{3B916091-E6E5-472B-8674-A6C0D870C18E}.Release|Any CPU.ActiveCfg = Release|Any CPU
		{3B916091-E6E5-472B-8674-A6C0D870C18E}.Release|Any CPU.Build.0 = Release|Any CPU
		{3B916091-E6E5-472B-8674-A6C0D870C18E}.Release|Mixed Platforms.ActiveCfg = Release|Any CPU
		{3B916091-E6E5-472B-8674-A6C0D870C18E}.Release|Mixed Platforms.Build.0 = Release|Any CPU
		{D5B33537-9C4F-4302-8EA1-F78A6AEFAA79}.Debug|.NET.ActiveCfg = Debug|Any CPU
		{D5B33537-9C4F-4302-8EA1-F78A6AEFAA79}.Debug|Any CPU.ActiveCfg = Debug|Any CPU
		{D5B33537-9C4F-4302-8EA1-F78A6AEFAA79}.Debug|Any CPU.Build.0 = Debug|Any CPU
		{D5B33537-9C4F-4302-8EA1-F78A6AEFAA79}.Debug|Mixed Platforms.ActiveCfg = Debug|Any CPU
		{D5B33537-9C4F-4302-8EA1-F78A6AEFAA79}.Debug|Mixed Platforms.Build.0 = Debug|Any CPU
		{D5B33537-9C4F-4302-8EA1-F78A6AEFAA79}.Default|.NET.ActiveCfg = Debug|Any CPU
		{D5B33537-9C4F-4302-8EA1-F78A6AEFAA79}.Default|Any CPU.ActiveCfg = Debug|Any CPU
		{D5B33537-9C4F-4302-8EA1-F78A6AEFAA79}.Default|Any CPU.Build.0 = Debug|Any CPU
		{D5B33537-9C4F-4302-8EA1-F78A6AEFAA79}.Default|Mixed Platforms.ActiveCfg = Debug|Any CPU
		{D5B33537-9C4F-4302-8EA1-F78A6AEFAA79}.Default|Mixed Platforms.Build.0 = Debug|Any CPU
		{D5B33537-9C4F-4302-8EA1-F78A6AEFAA79}.Publish|.NET.ActiveCfg = Release|Any CPU
		{D5B33537-9C4F-4302-8EA1-F78A6AEFAA79}.Publish|Any CPU.ActiveCfg = Release|Any CPU
		{D5B33537-9C4F-4302-8EA1-F78A6AEFAA79}.Publish|Any CPU.Build.0 = Release|Any CPU
		{D5B33537-9C4F-4302-8EA1-F78A6AEFAA79}.Publish|Mixed Platforms.ActiveCfg = Release|Any CPU
		{D5B33537-9C4F-4302-8EA1-F78A6AEFAA79}.Publish|Mixed Platforms.Build.0 = Release|Any CPU
		{D5B33537-9C4F-4302-8EA1-F78A6AEFAA79}.Redist|.NET.ActiveCfg = Redist|Any CPU
		{D5B33537-9C4F-4302-8EA1-F78A6AEFAA79}.Redist|Any CPU.ActiveCfg = Redist|Any CPU
		{D5B33537-9C4F-4302-8EA1-F78A6AEFAA79}.Redist|Any CPU.Build.0 = Redist|Any CPU
		{D5B33537-9C4F-4302-8EA1-F78A6AEFAA79}.Redist|Mixed Platforms.ActiveCfg = Redist|Any CPU
		{D5B33537-9C4F-4302-8EA1-F78A6AEFAA79}.Redist|Mixed Platforms.Build.0 = Redist|Any CPU
		{D5B33537-9C4F-4302-8EA1-F78A6AEFAA79}.Release|.NET.ActiveCfg = Release|Any CPU
		{D5B33537-9C4F-4302-8EA1-F78A6AEFAA79}.Release|Any CPU.ActiveCfg = Release|Any CPU
		{D5B33537-9C4F-4302-8EA1-F78A6AEFAA79}.Release|Any CPU.Build.0 = Release|Any CPU
		{D5B33537-9C4F-4302-8EA1-F78A6AEFAA79}.Release|Mixed Platforms.ActiveCfg = Release|Any CPU
		{D5B33537-9C4F-4302-8EA1-F78A6AEFAA79}.Release|Mixed Platforms.Build.0 = Release|Any CPU
		{267A908C-738F-4041-ADEE-69C6F9A1E607}.Debug|.NET.ActiveCfg = Debug|Any CPU
		{267A908C-738F-4041-ADEE-69C6F9A1E607}.Debug|Any CPU.ActiveCfg = Debug|Any CPU
		{267A908C-738F-4041-ADEE-69C6F9A1E607}.Debug|Any CPU.Build.0 = Debug|Any CPU
		{267A908C-738F-4041-ADEE-69C6F9A1E607}.Debug|Mixed Platforms.ActiveCfg = Debug|Any CPU
		{267A908C-738F-4041-ADEE-69C6F9A1E607}.Debug|Mixed Platforms.Build.0 = Debug|Any CPU
		{267A908C-738F-4041-ADEE-69C6F9A1E607}.Default|.NET.ActiveCfg = Debug|Any CPU
		{267A908C-738F-4041-ADEE-69C6F9A1E607}.Default|Any CPU.ActiveCfg = Debug|Any CPU
		{267A908C-738F-4041-ADEE-69C6F9A1E607}.Default|Any CPU.Build.0 = Debug|Any CPU
		{267A908C-738F-4041-ADEE-69C6F9A1E607}.Default|Mixed Platforms.ActiveCfg = Debug|Any CPU
		{267A908C-738F-4041-ADEE-69C6F9A1E607}.Default|Mixed Platforms.Build.0 = Debug|Any CPU
		{267A908C-738F-4041-ADEE-69C6F9A1E607}.Publish|.NET.ActiveCfg = Release|Any CPU
		{267A908C-738F-4041-ADEE-69C6F9A1E607}.Publish|Any CPU.ActiveCfg = Release|Any CPU
		{267A908C-738F-4041-ADEE-69C6F9A1E607}.Publish|Any CPU.Build.0 = Release|Any CPU
		{267A908C-738F-4041-ADEE-69C6F9A1E607}.Publish|Mixed Platforms.ActiveCfg = Release|Any CPU
		{267A908C-738F-4041-ADEE-69C6F9A1E607}.Publish|Mixed Platforms.Build.0 = Release|Any CPU
		{267A908C-738F-4041-ADEE-69C6F9A1E607}.Redist|.NET.ActiveCfg = Redist|Any CPU
		{267A908C-738F-4041-ADEE-69C6F9A1E607}.Redist|Any CPU.ActiveCfg = Redist|Any CPU
		{267A908C-738F-4041-ADEE-69C6F9A1E607}.Redist|Any CPU.Build.0 = Redist|Any CPU
		{267A908C-738F-4041-ADEE-69C6F9A1E607}.Redist|Mixed Platforms.ActiveCfg = Redist|Any CPU
		{267A908C-738F-4041-ADEE-69C6F9A1E607}.Redist|Mixed Platforms.Build.0 = Redist|Any CPU
		{267A908C-738F-4041-ADEE-69C6F9A1E607}.Release|.NET.ActiveCfg = Release|Any CPU
		{267A908C-738F-4041-ADEE-69C6F9A1E607}.Release|Any CPU.ActiveCfg = Release|Any CPU
		{267A908C-738F-4041-ADEE-69C6F9A1E607}.Release|Any CPU.Build.0 = Release|Any CPU
		{267A908C-738F-4041-ADEE-69C6F9A1E607}.Release|Mixed Platforms.ActiveCfg = Release|Any CPU
		{267A908C-738F-4041-ADEE-69C6F9A1E607}.Release|Mixed Platforms.Build.0 = Release|Any CPU
		{629D85AF-BB35-4FB2-97C6-7618F2216648}.Debug|.NET.ActiveCfg = Debug|Any CPU
		{629D85AF-BB35-4FB2-97C6-7618F2216648}.Debug|Any CPU.ActiveCfg = Debug|Any CPU
		{629D85AF-BB35-4FB2-97C6-7618F2216648}.Debug|Any CPU.Build.0 = Debug|Any CPU
		{629D85AF-BB35-4FB2-97C6-7618F2216648}.Debug|Mixed Platforms.ActiveCfg = Debug|Any CPU
		{629D85AF-BB35-4FB2-97C6-7618F2216648}.Debug|Mixed Platforms.Build.0 = Debug|Any CPU
		{629D85AF-BB35-4FB2-97C6-7618F2216648}.Default|.NET.ActiveCfg = Debug|Any CPU
		{629D85AF-BB35-4FB2-97C6-7618F2216648}.Default|Any CPU.ActiveCfg = Debug|Any CPU
		{629D85AF-BB35-4FB2-97C6-7618F2216648}.Default|Any CPU.Build.0 = Debug|Any CPU
		{629D85AF-BB35-4FB2-97C6-7618F2216648}.Default|Mixed Platforms.ActiveCfg = Debug|Any CPU
		{629D85AF-BB35-4FB2-97C6-7618F2216648}.Default|Mixed Platforms.Build.0 = Debug|Any CPU
		{629D85AF-BB35-4FB2-97C6-7618F2216648}.Publish|.NET.ActiveCfg = Release|Any CPU
		{629D85AF-BB35-4FB2-97C6-7618F2216648}.Publish|Any CPU.ActiveCfg = Release|Any CPU
		{629D85AF-BB35-4FB2-97C6-7618F2216648}.Publish|Any CPU.Build.0 = Release|Any CPU
		{629D85AF-BB35-4FB2-97C6-7618F2216648}.Publish|Mixed Platforms.ActiveCfg = Release|Any CPU
		{629D85AF-BB35-4FB2-97C6-7618F2216648}.Publish|Mixed Platforms.Build.0 = Release|Any CPU
		{629D85AF-BB35-4FB2-97C6-7618F2216648}.Redist|.NET.ActiveCfg = Release|Any CPU
		{629D85AF-BB35-4FB2-97C6-7618F2216648}.Redist|Any CPU.ActiveCfg = Release|Any CPU
		{629D85AF-BB35-4FB2-97C6-7618F2216648}.Redist|Any CPU.Build.0 = Release|Any CPU
		{629D85AF-BB35-4FB2-97C6-7618F2216648}.Redist|Mixed Platforms.ActiveCfg = Release|Any CPU
		{629D85AF-BB35-4FB2-97C6-7618F2216648}.Redist|Mixed Platforms.Build.0 = Release|Any CPU
		{629D85AF-BB35-4FB2-97C6-7618F2216648}.Release|.NET.ActiveCfg = Release|Any CPU
		{629D85AF-BB35-4FB2-97C6-7618F2216648}.Release|Any CPU.ActiveCfg = Release|Any CPU
		{629D85AF-BB35-4FB2-97C6-7618F2216648}.Release|Any CPU.Build.0 = Release|Any CPU
		{629D85AF-BB35-4FB2-97C6-7618F2216648}.Release|Mixed Platforms.ActiveCfg = Release|Any CPU
		{629D85AF-BB35-4FB2-97C6-7618F2216648}.Release|Mixed Platforms.Build.0 = Release|Any CPU
		{ACD7D8A6-2FBE-4F12-BF25-FEE0736A1933}.Debug|.NET.ActiveCfg = Debug|Any CPU
		{ACD7D8A6-2FBE-4F12-BF25-FEE0736A1933}.Debug|Any CPU.ActiveCfg = Debug|Any CPU
		{ACD7D8A6-2FBE-4F12-BF25-FEE0736A1933}.Debug|Any CPU.Build.0 = Debug|Any CPU
		{ACD7D8A6-2FBE-4F12-BF25-FEE0736A1933}.Debug|Mixed Platforms.ActiveCfg = Debug|Any CPU
		{ACD7D8A6-2FBE-4F12-BF25-FEE0736A1933}.Debug|Mixed Platforms.Build.0 = Debug|Any CPU
		{ACD7D8A6-2FBE-4F12-BF25-FEE0736A1933}.Default|.NET.ActiveCfg = Debug|Any CPU
		{ACD7D8A6-2FBE-4F12-BF25-FEE0736A1933}.Default|Any CPU.ActiveCfg = Debug|Any CPU
		{ACD7D8A6-2FBE-4F12-BF25-FEE0736A1933}.Default|Any CPU.Build.0 = Debug|Any CPU
		{ACD7D8A6-2FBE-4F12-BF25-FEE0736A1933}.Default|Mixed Platforms.ActiveCfg = Debug|Any CPU
		{ACD7D8A6-2FBE-4F12-BF25-FEE0736A1933}.Default|Mixed Platforms.Build.0 = Debug|Any CPU
		{ACD7D8A6-2FBE-4F12-BF25-FEE0736A1933}.Publish|.NET.ActiveCfg = Release|Any CPU
		{ACD7D8A6-2FBE-4F12-BF25-FEE0736A1933}.Publish|Any CPU.ActiveCfg = Release|Any CPU
		{ACD7D8A6-2FBE-4F12-BF25-FEE0736A1933}.Publish|Any CPU.Build.0 = Release|Any CPU
		{ACD7D8A6-2FBE-4F12-BF25-FEE0736A1933}.Publish|Mixed Platforms.ActiveCfg = Release|Any CPU
		{ACD7D8A6-2FBE-4F12-BF25-FEE0736A1933}.Publish|Mixed Platforms.Build.0 = Release|Any CPU
		{ACD7D8A6-2FBE-4F12-BF25-FEE0736A1933}.Redist|.NET.ActiveCfg = Release|Any CPU
		{ACD7D8A6-2FBE-4F12-BF25-FEE0736A1933}.Redist|Any CPU.ActiveCfg = Release|Any CPU
		{ACD7D8A6-2FBE-4F12-BF25-FEE0736A1933}.Redist|Any CPU.Build.0 = Release|Any CPU
		{ACD7D8A6-2FBE-4F12-BF25-FEE0736A1933}.Redist|Mixed Platforms.ActiveCfg = Release|Any CPU
		{ACD7D8A6-2FBE-4F12-BF25-FEE0736A1933}.Redist|Mixed Platforms.Build.0 = Release|Any CPU
		{ACD7D8A6-2FBE-4F12-BF25-FEE0736A1933}.Release|.NET.ActiveCfg = Release|Any CPU
		{ACD7D8A6-2FBE-4F12-BF25-FEE0736A1933}.Release|Any CPU.ActiveCfg = Release|Any CPU
		{ACD7D8A6-2FBE-4F12-BF25-FEE0736A1933}.Release|Any CPU.Build.0 = Release|Any CPU
		{ACD7D8A6-2FBE-4F12-BF25-FEE0736A1933}.Release|Mixed Platforms.ActiveCfg = Release|Any CPU
		{ACD7D8A6-2FBE-4F12-BF25-FEE0736A1933}.Release|Mixed Platforms.Build.0 = Release|Any CPU
		{3B32FB59-A762-4E76-880F-3BD4721A4D27}.Debug|.NET.ActiveCfg = Debug|Any CPU
		{3B32FB59-A762-4E76-880F-3BD4721A4D27}.Debug|Any CPU.ActiveCfg = Debug|Any CPU
		{3B32FB59-A762-4E76-880F-3BD4721A4D27}.Debug|Any CPU.Build.0 = Debug|Any CPU
		{3B32FB59-A762-4E76-880F-3BD4721A4D27}.Debug|Mixed Platforms.ActiveCfg = Debug|Any CPU
		{3B32FB59-A762-4E76-880F-3BD4721A4D27}.Debug|Mixed Platforms.Build.0 = Debug|Any CPU
		{3B32FB59-A762-4E76-880F-3BD4721A4D27}.Default|.NET.ActiveCfg = Debug|Any CPU
		{3B32FB59-A762-4E76-880F-3BD4721A4D27}.Default|Any CPU.ActiveCfg = Debug|Any CPU
		{3B32FB59-A762-4E76-880F-3BD4721A4D27}.Default|Any CPU.Build.0 = Debug|Any CPU
		{3B32FB59-A762-4E76-880F-3BD4721A4D27}.Default|Mixed Platforms.ActiveCfg = Debug|Any CPU
		{3B32FB59-A762-4E76-880F-3BD4721A4D27}.Default|Mixed Platforms.Build.0 = Debug|Any CPU
		{3B32FB59-A762-4E76-880F-3BD4721A4D27}.Publish|.NET.ActiveCfg = Release|Any CPU
		{3B32FB59-A762-4E76-880F-3BD4721A4D27}.Publish|Any CPU.ActiveCfg = Release|Any CPU
		{3B32FB59-A762-4E76-880F-3BD4721A4D27}.Publish|Any CPU.Build.0 = Release|Any CPU
		{3B32FB59-A762-4E76-880F-3BD4721A4D27}.Publish|Mixed Platforms.ActiveCfg = Release|Any CPU
		{3B32FB59-A762-4E76-880F-3BD4721A4D27}.Publish|Mixed Platforms.Build.0 = Release|Any CPU
		{3B32FB59-A762-4E76-880F-3BD4721A4D27}.Redist|.NET.ActiveCfg = Release|Any CPU
		{3B32FB59-A762-4E76-880F-3BD4721A4D27}.Redist|Any CPU.ActiveCfg = Release|Any CPU
		{3B32FB59-A762-4E76-880F-3BD4721A4D27}.Redist|Any CPU.Build.0 = Release|Any CPU
		{3B32FB59-A762-4E76-880F-3BD4721A4D27}.Redist|Mixed Platforms.ActiveCfg = Release|Any CPU
		{3B32FB59-A762-4E76-880F-3BD4721A4D27}.Redist|Mixed Platforms.Build.0 = Release|Any CPU
		{3B32FB59-A762-4E76-880F-3BD4721A4D27}.Release|.NET.ActiveCfg = Release|Any CPU
		{3B32FB59-A762-4E76-880F-3BD4721A4D27}.Release|Any CPU.ActiveCfg = Release|Any CPU
		{3B32FB59-A762-4E76-880F-3BD4721A4D27}.Release|Any CPU.Build.0 = Release|Any CPU
		{3B32FB59-A762-4E76-880F-3BD4721A4D27}.Release|Mixed Platforms.ActiveCfg = Release|Any CPU
		{3B32FB59-A762-4E76-880F-3BD4721A4D27}.Release|Mixed Platforms.Build.0 = Release|Any CPU
		{3447C4D5-B1BB-4A06-93C2-C724BFC3A50A}.Debug|.NET.ActiveCfg = Debug|Any CPU
		{3447C4D5-B1BB-4A06-93C2-C724BFC3A50A}.Debug|Any CPU.ActiveCfg = Debug|Any CPU
		{3447C4D5-B1BB-4A06-93C2-C724BFC3A50A}.Debug|Any CPU.Build.0 = Debug|Any CPU
		{3447C4D5-B1BB-4A06-93C2-C724BFC3A50A}.Debug|Mixed Platforms.ActiveCfg = Debug|Any CPU
		{3447C4D5-B1BB-4A06-93C2-C724BFC3A50A}.Debug|Mixed Platforms.Build.0 = Debug|Any CPU
		{3447C4D5-B1BB-4A06-93C2-C724BFC3A50A}.Default|.NET.ActiveCfg = Debug|Any CPU
		{3447C4D5-B1BB-4A06-93C2-C724BFC3A50A}.Default|Any CPU.ActiveCfg = Debug|Any CPU
		{3447C4D5-B1BB-4A06-93C2-C724BFC3A50A}.Default|Any CPU.Build.0 = Debug|Any CPU
		{3447C4D5-B1BB-4A06-93C2-C724BFC3A50A}.Default|Mixed Platforms.ActiveCfg = Debug|Any CPU
		{3447C4D5-B1BB-4A06-93C2-C724BFC3A50A}.Default|Mixed Platforms.Build.0 = Debug|Any CPU
		{3447C4D5-B1BB-4A06-93C2-C724BFC3A50A}.Publish|.NET.ActiveCfg = Release|Any CPU
		{3447C4D5-B1BB-4A06-93C2-C724BFC3A50A}.Publish|Any CPU.ActiveCfg = Release|Any CPU
		{3447C4D5-B1BB-4A06-93C2-C724BFC3A50A}.Publish|Any CPU.Build.0 = Release|Any CPU
		{3447C4D5-B1BB-4A06-93C2-C724BFC3A50A}.Publish|Mixed Platforms.ActiveCfg = Release|Any CPU
		{3447C4D5-B1BB-4A06-93C2-C724BFC3A50A}.Publish|Mixed Platforms.Build.0 = Release|Any CPU
		{3447C4D5-B1BB-4A06-93C2-C724BFC3A50A}.Redist|.NET.ActiveCfg = Release|Any CPU
		{3447C4D5-B1BB-4A06-93C2-C724BFC3A50A}.Redist|Any CPU.ActiveCfg = Release|Any CPU
		{3447C4D5-B1BB-4A06-93C2-C724BFC3A50A}.Redist|Any CPU.Build.0 = Release|Any CPU
		{3447C4D5-B1BB-4A06-93C2-C724BFC3A50A}.Redist|Mixed Platforms.ActiveCfg = Release|Any CPU
		{3447C4D5-B1BB-4A06-93C2-C724BFC3A50A}.Redist|Mixed Platforms.Build.0 = Release|Any CPU
		{3447C4D5-B1BB-4A06-93C2-C724BFC3A50A}.Release|.NET.ActiveCfg = Release|Any CPU
		{3447C4D5-B1BB-4A06-93C2-C724BFC3A50A}.Release|Any CPU.ActiveCfg = Release|Any CPU
		{3447C4D5-B1BB-4A06-93C2-C724BFC3A50A}.Release|Any CPU.Build.0 = Release|Any CPU
		{3447C4D5-B1BB-4A06-93C2-C724BFC3A50A}.Release|Mixed Platforms.ActiveCfg = Release|Any CPU
		{3447C4D5-B1BB-4A06-93C2-C724BFC3A50A}.Release|Mixed Platforms.Build.0 = Release|Any CPU
		{9564486E-CF51-4591-86BC-CE2A913ED0C5}.Debug|.NET.ActiveCfg = Debug|Any CPU
		{9564486E-CF51-4591-86BC-CE2A913ED0C5}.Debug|Any CPU.ActiveCfg = Debug|Any CPU
		{9564486E-CF51-4591-86BC-CE2A913ED0C5}.Debug|Any CPU.Build.0 = Debug|Any CPU
		{9564486E-CF51-4591-86BC-CE2A913ED0C5}.Debug|Mixed Platforms.ActiveCfg = Debug|Any CPU
		{9564486E-CF51-4591-86BC-CE2A913ED0C5}.Default|.NET.ActiveCfg = Debug|Any CPU
		{9564486E-CF51-4591-86BC-CE2A913ED0C5}.Default|Any CPU.ActiveCfg = Debug|Any CPU
		{9564486E-CF51-4591-86BC-CE2A913ED0C5}.Default|Any CPU.Build.0 = Debug|Any CPU
		{9564486E-CF51-4591-86BC-CE2A913ED0C5}.Default|Mixed Platforms.ActiveCfg = Debug|Any CPU
		{9564486E-CF51-4591-86BC-CE2A913ED0C5}.Default|Mixed Platforms.Build.0 = Debug|Any CPU
		{9564486E-CF51-4591-86BC-CE2A913ED0C5}.Publish|.NET.ActiveCfg = Release|Any CPU
		{9564486E-CF51-4591-86BC-CE2A913ED0C5}.Publish|Any CPU.ActiveCfg = Release|Any CPU
		{9564486E-CF51-4591-86BC-CE2A913ED0C5}.Publish|Any CPU.Build.0 = Release|Any CPU
		{9564486E-CF51-4591-86BC-CE2A913ED0C5}.Publish|Mixed Platforms.ActiveCfg = Release|Any CPU
		{9564486E-CF51-4591-86BC-CE2A913ED0C5}.Publish|Mixed Platforms.Build.0 = Release|Any CPU
		{9564486E-CF51-4591-86BC-CE2A913ED0C5}.Redist|.NET.ActiveCfg = Release|Any CPU
		{9564486E-CF51-4591-86BC-CE2A913ED0C5}.Redist|Any CPU.ActiveCfg = Release|Any CPU
		{9564486E-CF51-4591-86BC-CE2A913ED0C5}.Redist|Any CPU.Build.0 = Release|Any CPU
		{9564486E-CF51-4591-86BC-CE2A913ED0C5}.Redist|Mixed Platforms.ActiveCfg = Release|Any CPU
		{9564486E-CF51-4591-86BC-CE2A913ED0C5}.Redist|Mixed Platforms.Build.0 = Release|Any CPU
		{9564486E-CF51-4591-86BC-CE2A913ED0C5}.Release|.NET.ActiveCfg = Release|Any CPU
		{9564486E-CF51-4591-86BC-CE2A913ED0C5}.Release|Any CPU.ActiveCfg = Release|Any CPU
		{9564486E-CF51-4591-86BC-CE2A913ED0C5}.Release|Any CPU.Build.0 = Release|Any CPU
		{9564486E-CF51-4591-86BC-CE2A913ED0C5}.Release|Mixed Platforms.ActiveCfg = Release|Any CPU
		{CD0C6623-8535-491D-A82D-BC2D2B496F05}.Debug|.NET.ActiveCfg = Debug|Any CPU
		{CD0C6623-8535-491D-A82D-BC2D2B496F05}.Debug|Any CPU.ActiveCfg = Debug|Any CPU
		{CD0C6623-8535-491D-A82D-BC2D2B496F05}.Debug|Any CPU.Build.0 = Debug|Any CPU
		{CD0C6623-8535-491D-A82D-BC2D2B496F05}.Debug|Mixed Platforms.ActiveCfg = Debug|Any CPU
		{CD0C6623-8535-491D-A82D-BC2D2B496F05}.Debug|Mixed Platforms.Build.0 = Debug|Any CPU
		{CD0C6623-8535-491D-A82D-BC2D2B496F05}.Default|.NET.ActiveCfg = Debug|Any CPU
		{CD0C6623-8535-491D-A82D-BC2D2B496F05}.Default|Any CPU.ActiveCfg = Debug|Any CPU
		{CD0C6623-8535-491D-A82D-BC2D2B496F05}.Default|Any CPU.Build.0 = Debug|Any CPU
		{CD0C6623-8535-491D-A82D-BC2D2B496F05}.Default|Mixed Platforms.ActiveCfg = Debug|Any CPU
		{CD0C6623-8535-491D-A82D-BC2D2B496F05}.Default|Mixed Platforms.Build.0 = Debug|Any CPU
		{CD0C6623-8535-491D-A82D-BC2D2B496F05}.Publish|.NET.ActiveCfg = Release|Any CPU
		{CD0C6623-8535-491D-A82D-BC2D2B496F05}.Publish|Any CPU.ActiveCfg = Release|Any CPU
		{CD0C6623-8535-491D-A82D-BC2D2B496F05}.Publish|Any CPU.Build.0 = Release|Any CPU
		{CD0C6623-8535-491D-A82D-BC2D2B496F05}.Publish|Mixed Platforms.ActiveCfg = Release|Any CPU
		{CD0C6623-8535-491D-A82D-BC2D2B496F05}.Publish|Mixed Platforms.Build.0 = Release|Any CPU
		{CD0C6623-8535-491D-A82D-BC2D2B496F05}.Redist|.NET.ActiveCfg = Release|Any CPU
		{CD0C6623-8535-491D-A82D-BC2D2B496F05}.Redist|Any CPU.ActiveCfg = Release|Any CPU
		{CD0C6623-8535-491D-A82D-BC2D2B496F05}.Redist|Any CPU.Build.0 = Release|Any CPU
		{CD0C6623-8535-491D-A82D-BC2D2B496F05}.Redist|Mixed Platforms.ActiveCfg = Release|Any CPU
		{CD0C6623-8535-491D-A82D-BC2D2B496F05}.Redist|Mixed Platforms.Build.0 = Release|Any CPU
		{CD0C6623-8535-491D-A82D-BC2D2B496F05}.Release|.NET.ActiveCfg = Release|Any CPU
		{CD0C6623-8535-491D-A82D-BC2D2B496F05}.Release|Any CPU.ActiveCfg = Release|Any CPU
		{CD0C6623-8535-491D-A82D-BC2D2B496F05}.Release|Any CPU.Build.0 = Release|Any CPU
		{CD0C6623-8535-491D-A82D-BC2D2B496F05}.Release|Mixed Platforms.ActiveCfg = Release|Any CPU
		{CD0C6623-8535-491D-A82D-BC2D2B496F05}.Release|Mixed Platforms.Build.0 = Release|Any CPU
		{ADFCE89E-1261-4409-B54E-0FFB77B26941}.Debug|.NET.ActiveCfg = Debug|Any CPU
		{ADFCE89E-1261-4409-B54E-0FFB77B26941}.Debug|Any CPU.ActiveCfg = Debug|Any CPU
		{ADFCE89E-1261-4409-B54E-0FFB77B26941}.Debug|Any CPU.Build.0 = Debug|Any CPU
		{ADFCE89E-1261-4409-B54E-0FFB77B26941}.Debug|Mixed Platforms.ActiveCfg = Debug|Any CPU
		{ADFCE89E-1261-4409-B54E-0FFB77B26941}.Debug|Mixed Platforms.Build.0 = Debug|Any CPU
		{ADFCE89E-1261-4409-B54E-0FFB77B26941}.Default|.NET.ActiveCfg = Debug|Any CPU
		{ADFCE89E-1261-4409-B54E-0FFB77B26941}.Default|Any CPU.ActiveCfg = Debug|Any CPU
		{ADFCE89E-1261-4409-B54E-0FFB77B26941}.Default|Any CPU.Build.0 = Debug|Any CPU
		{ADFCE89E-1261-4409-B54E-0FFB77B26941}.Default|Mixed Platforms.ActiveCfg = Debug|Any CPU
		{ADFCE89E-1261-4409-B54E-0FFB77B26941}.Default|Mixed Platforms.Build.0 = Debug|Any CPU
		{ADFCE89E-1261-4409-B54E-0FFB77B26941}.Publish|.NET.ActiveCfg = Release|Any CPU
		{ADFCE89E-1261-4409-B54E-0FFB77B26941}.Publish|Any CPU.ActiveCfg = Release|Any CPU
		{ADFCE89E-1261-4409-B54E-0FFB77B26941}.Publish|Any CPU.Build.0 = Release|Any CPU
		{ADFCE89E-1261-4409-B54E-0FFB77B26941}.Publish|Mixed Platforms.ActiveCfg = Release|Any CPU
		{ADFCE89E-1261-4409-B54E-0FFB77B26941}.Publish|Mixed Platforms.Build.0 = Release|Any CPU
		{ADFCE89E-1261-4409-B54E-0FFB77B26941}.Redist|.NET.ActiveCfg = Release|Any CPU
		{ADFCE89E-1261-4409-B54E-0FFB77B26941}.Redist|Any CPU.ActiveCfg = Release|Any CPU
		{ADFCE89E-1261-4409-B54E-0FFB77B26941}.Redist|Any CPU.Build.0 = Release|Any CPU
		{ADFCE89E-1261-4409-B54E-0FFB77B26941}.Redist|Mixed Platforms.ActiveCfg = Release|Any CPU
		{ADFCE89E-1261-4409-B54E-0FFB77B26941}.Redist|Mixed Platforms.Build.0 = Release|Any CPU
		{ADFCE89E-1261-4409-B54E-0FFB77B26941}.Release|.NET.ActiveCfg = Release|Any CPU
		{ADFCE89E-1261-4409-B54E-0FFB77B26941}.Release|Any CPU.ActiveCfg = Release|Any CPU
		{ADFCE89E-1261-4409-B54E-0FFB77B26941}.Release|Any CPU.Build.0 = Release|Any CPU
		{ADFCE89E-1261-4409-B54E-0FFB77B26941}.Release|Mixed Platforms.ActiveCfg = Release|Any CPU
		{ADFCE89E-1261-4409-B54E-0FFB77B26941}.Release|Mixed Platforms.Build.0 = Release|Any CPU
	EndGlobalSection
	GlobalSection(SolutionProperties) = preSolution
		HideSolutionNode = FALSE
	EndGlobalSection
	GlobalSection(NestedProjects) = preSolution
		{CD0C6623-8535-491D-A82D-BC2D2B496F05} = {79CC837B-1701-4489-AECE-B4536FD69042}
		{ADFCE89E-1261-4409-B54E-0FFB77B26941} = {79CC837B-1701-4489-AECE-B4536FD69042}
		{629D85AF-BB35-4FB2-97C6-7618F2216648} = {14F628CA-F904-4EF0-9DC8-4982BB8102F8}
		{ACD7D8A6-2FBE-4F12-BF25-FEE0736A1933} = {14F628CA-F904-4EF0-9DC8-4982BB8102F8}
		{3B32FB59-A762-4E76-880F-3BD4721A4D27} = {14F628CA-F904-4EF0-9DC8-4982BB8102F8}
		{3447C4D5-B1BB-4A06-93C2-C724BFC3A50A} = {14F628CA-F904-4EF0-9DC8-4982BB8102F8}
	EndGlobalSection
EndGlobal
