
Microsoft Visual Studio Solution File, Format Version 11.00
# Visual Studio 2010
Project("{2150E333-8FDC-42A3-9474-1A3956D46DE8}") = "Test Projects", "Test Projects", "{79CC837B-1701-4489-AECE-B4536FD69042}"
EndProject
Project("{2150E333-8FDC-42A3-9474-1A3956D46DE8}") = "info", "info", "{9AF22D3F-FA16-462F-A4C0-5A4E14A8C59E}"
	ProjectSection(SolutionItems) = preProject
		..\changelog.txt = ..\changelog.txt
		..\Install.txt = ..\Install.txt
		..\License.txt = ..\License.txt
		..\ToDo.txt = ..\ToDo.txt
	EndProjectSection
EndProject
Project("{FAE04EC0-301F-11D3-BF4B-00C04F79EFBC}") = "Arashi.Core", "Core\Arashi.Core.csproj", "{1E2BBDC7-CB5E-48C9-AB9B-A4C57204F040}"
EndProject
Project("{FAE04EC0-301F-11D3-BF4B-00C04F79EFBC}") = "Arashi.Web.Mvc", "Web.Mvc\Arashi.Web.Mvc.csproj", "{216D2C63-CD7A-4601-ABB2-A2C9C461F7FD}"
EndProject
Project("{FAE04EC0-301F-11D3-BF4B-00C04F79EFBC}") = "Arashi.Web", "Web\Arashi.Web.csproj", "{335871C6-EDB6-481D-A34C-8E0B167BF392}"
EndProject
Project("{FAE04EC0-301F-11D3-BF4B-00C04F79EFBC}") = "Arashi.Web.Plugins", "Web.Plugins\Arashi.Web.Plugins.csproj", "{94DFA057-C8D4-4ABB-97FA-DFA757F7DC37}"
EndProject
Project("{FAE04EC0-301F-11D3-BF4B-00C04F79EFBC}") = "Arashi.Web.Widgets", "Web.Widgets\Arashi.Web.Widgets.csproj", "{0CA5E827-B910-4CAE-9899-2972696BCEA6}"
EndProject
Project("{FAE04EC0-301F-11D3-BF4B-00C04F79EFBC}") = "Arashi.Services", "Services\Arashi.Services.csproj", "{3B916091-E6E5-472B-8674-A6C0D870C18E}"
EndProject
Project("{FAE04EC0-301F-11D3-BF4B-00C04F79EFBC}") = "Arashi.Core.Domain", "Core.Domain\Arashi.Core.Domain.csproj", "{D5B33537-9C4F-4302-8EA1-F78A6AEFAA79}"
EndProject
Project("{FAE04EC0-301F-11D3-BF4B-00C04F79EFBC}") = "Arashi.Core.NHibernate", "Core.NHibernate\Arashi.Core.NHibernate.csproj", "{267A908C-738F-4041-ADEE-69C6F9A1E607}"
EndProject
Project("{2150E333-8FDC-42A3-9474-1A3956D46DE8}") = "Web.Services", "Web.Services", "{2FDCA1FD-1D2F-4FDE-9E47-96D34DBDC3FD}"
EndProject
Project("{FAE04EC0-301F-11D3-BF4B-00C04F79EFBC}") = "Arashi.Core.NHibernate.Wcf", "Core.NHibernate.Wcf\Arashi.Core.NHibernate.Wcf.csproj", "{8EB503B6-B001-4DD6-8B7E-AB217DAC5FE5}"
EndProject
Project("{2150E333-8FDC-42A3-9474-1A3956D46DE8}") = "Web App Gallery", "Web App Gallery", "{3B6D71AB-5EC4-4896-9E1D-6ADC10BFB8AF}"
	ProjectSection(SolutionItems) = preProject
		..\wag_package\install.sql = ..\wag_package\install.sql
		..\wag_package\license.txt = ..\wag_package\license.txt
		..\wag_package\manifest.xml = ..\wag_package\manifest.xml
		..\wag_package\parameters.xml = ..\wag_package\parameters.xml
		..\wag_package\readme.txt = ..\wag_package\readme.txt
	EndProjectSection
EndProject
Project("{2150E333-8FDC-42A3-9474-1A3956D46DE8}") = "themes", "themes", "{8FC4B50B-852F-4384-A7EF-777503009B6A}"
EndProject
Project("{FAE04EC0-301F-11D3-BF4B-00C04F79EFBC}") = "Arashi.IntegrationTests", "Tests\Arashi.IntegrationTests\Arashi.IntegrationTests.csproj", "{CFD66108-9F07-41E8-89BB-7984BA82F23B}"
EndProject
Project("{FAE04EC0-301F-11D3-BF4B-00C04F79EFBC}") = "Arashi.UnitTests", "Tests\Arashi.UnitTests\Arashi.UnitTests.csproj", "{9CD3A1CE-966F-4EF0-88EF-25F5E540508A}"
EndProject
Project("{FAE04EC0-301F-11D3-BF4B-00C04F79EFBC}") = "Arashi.Web.Themes.Boldy", "Web.Themes.Boldy\Arashi.Web.Themes.Boldy.csproj", "{0D0492AD-ACA1-403A-B6D9-8B596A3C66A5}"
EndProject
Global
	GlobalSection(SolutionConfigurationPlatforms) = preSolution
		Debug|.NET = Debug|.NET
		Debug|Any CPU = Debug|Any CPU
		Debug|Mixed Platforms = Debug|Mixed Platforms
		Default|.NET = Default|.NET
		Default|Any CPU = Default|Any CPU
		Default|Mixed Platforms = Default|Mixed Platforms
		Publish|.NET = Publish|.NET
		Publish|Any CPU = Publish|Any CPU
		Publish|Mixed Platforms = Publish|Mixed Platforms
		Redist|.NET = Redist|.NET
		Redist|Any CPU = Redist|Any CPU
		Redist|Mixed Platforms = Redist|Mixed Platforms
		Release|.NET = Release|.NET
		Release|Any CPU = Release|Any CPU
		Release|Mixed Platforms = Release|Mixed Platforms
	EndGlobalSection
	GlobalSection(ProjectConfigurationPlatforms) = postSolution
		{1E2BBDC7-CB5E-48C9-AB9B-A4C57204F040}.Debug|.NET.ActiveCfg = Debug|Any CPU
		{1E2BBDC7-CB5E-48C9-AB9B-A4C57204F040}.Debug|Any CPU.ActiveCfg = Debug|Any CPU
		{1E2BBDC7-CB5E-48C9-AB9B-A4C57204F040}.Debug|Any CPU.Build.0 = Debug|Any CPU
		{1E2BBDC7-CB5E-48C9-AB9B-A4C57204F040}.Debug|Mixed Platforms.ActiveCfg = Debug|Any CPU
		{1E2BBDC7-CB5E-48C9-AB9B-A4C57204F040}.Debug|Mixed Platforms.Build.0 = Debug|Any CPU
		{1E2BBDC7-CB5E-48C9-AB9B-A4C57204F040}.Default|.NET.ActiveCfg = Debug|Any CPU
		{1E2BBDC7-CB5E-48C9-AB9B-A4C57204F040}.Default|Any CPU.ActiveCfg = Debug|Any CPU
		{1E2BBDC7-CB5E-48C9-AB9B-A4C57204F040}.Default|Any CPU.Build.0 = Debug|Any CPU
		{1E2BBDC7-CB5E-48C9-AB9B-A4C57204F040}.Default|Mixed Platforms.ActiveCfg = Debug|Any CPU
		{1E2BBDC7-CB5E-48C9-AB9B-A4C57204F040}.Default|Mixed Platforms.Build.0 = Debug|Any CPU
		{1E2BBDC7-CB5E-48C9-AB9B-A4C57204F040}.Publish|.NET.ActiveCfg = Publish|Any CPU
		{1E2BBDC7-CB5E-48C9-AB9B-A4C57204F040}.Publish|Any CPU.ActiveCfg = Publish|Any CPU
		{1E2BBDC7-CB5E-48C9-AB9B-A4C57204F040}.Publish|Any CPU.Build.0 = Publish|Any CPU
		{1E2BBDC7-CB5E-48C9-AB9B-A4C57204F040}.Publish|Mixed Platforms.ActiveCfg = Publish|Any CPU
		{1E2BBDC7-CB5E-48C9-AB9B-A4C57204F040}.Publish|Mixed Platforms.Build.0 = Publish|Any CPU
		{1E2BBDC7-CB5E-48C9-AB9B-A4C57204F040}.Redist|.NET.ActiveCfg = Redist|Any CPU
		{1E2BBDC7-CB5E-48C9-AB9B-A4C57204F040}.Redist|Any CPU.ActiveCfg = Redist|Any CPU
		{1E2BBDC7-CB5E-48C9-AB9B-A4C57204F040}.Redist|Any CPU.Build.0 = Redist|Any CPU
		{1E2BBDC7-CB5E-48C9-AB9B-A4C57204F040}.Redist|Mixed Platforms.ActiveCfg = Redist|Any CPU
		{1E2BBDC7-CB5E-48C9-AB9B-A4C57204F040}.Redist|Mixed Platforms.Build.0 = Redist|Any CPU
		{1E2BBDC7-CB5E-48C9-AB9B-A4C57204F040}.Release|.NET.ActiveCfg = Release|Any CPU
		{1E2BBDC7-CB5E-48C9-AB9B-A4C57204F040}.Release|Any CPU.ActiveCfg = Release|Any CPU
		{1E2BBDC7-CB5E-48C9-AB9B-A4C57204F040}.Release|Any CPU.Build.0 = Release|Any CPU
		{1E2BBDC7-CB5E-48C9-AB9B-A4C57204F040}.Release|Mixed Platforms.ActiveCfg = Release|Any CPU
		{1E2BBDC7-CB5E-48C9-AB9B-A4C57204F040}.Release|Mixed Platforms.Build.0 = Release|Any CPU
		{216D2C63-CD7A-4601-ABB2-A2C9C461F7FD}.Debug|.NET.ActiveCfg = Debug|Any CPU
		{216D2C63-CD7A-4601-ABB2-A2C9C461F7FD}.Debug|Any CPU.ActiveCfg = Debug|Any CPU
		{216D2C63-CD7A-4601-ABB2-A2C9C461F7FD}.Debug|Any CPU.Build.0 = Debug|Any CPU
		{216D2C63-CD7A-4601-ABB2-A2C9C461F7FD}.Debug|Mixed Platforms.ActiveCfg = Debug|Any CPU
		{216D2C63-CD7A-4601-ABB2-A2C9C461F7FD}.Debug|Mixed Platforms.Build.0 = Debug|Any CPU
		{216D2C63-CD7A-4601-ABB2-A2C9C461F7FD}.Default|.NET.ActiveCfg = Debug|Any CPU
		{216D2C63-CD7A-4601-ABB2-A2C9C461F7FD}.Default|Any CPU.ActiveCfg = Debug|Any CPU
		{216D2C63-CD7A-4601-ABB2-A2C9C461F7FD}.Default|Any CPU.Build.0 = Debug|Any CPU
		{216D2C63-CD7A-4601-ABB2-A2C9C461F7FD}.Default|Mixed Platforms.ActiveCfg = Debug|Any CPU
		{216D2C63-CD7A-4601-ABB2-A2C9C461F7FD}.Default|Mixed Platforms.Build.0 = Debug|Any CPU
		{216D2C63-CD7A-4601-ABB2-A2C9C461F7FD}.Publish|.NET.ActiveCfg = Publish|Any CPU
		{216D2C63-CD7A-4601-ABB2-A2C9C461F7FD}.Publish|Any CPU.ActiveCfg = Publish|Any CPU
		{216D2C63-CD7A-4601-ABB2-A2C9C461F7FD}.Publish|Any CPU.Build.0 = Publish|Any CPU
		{216D2C63-CD7A-4601-ABB2-A2C9C461F7FD}.Publish|Mixed Platforms.ActiveCfg = Publish|Any CPU
		{216D2C63-CD7A-4601-ABB2-A2C9C461F7FD}.Publish|Mixed Platforms.Build.0 = Publish|Any CPU
		{216D2C63-CD7A-4601-ABB2-A2C9C461F7FD}.Redist|.NET.ActiveCfg = Redist|Any CPU
		{216D2C63-CD7A-4601-ABB2-A2C9C461F7FD}.Redist|Any CPU.ActiveCfg = Redist|Any CPU
		{216D2C63-CD7A-4601-ABB2-A2C9C461F7FD}.Redist|Any CPU.Build.0 = Redist|Any CPU
		{216D2C63-CD7A-4601-ABB2-A2C9C461F7FD}.Redist|Mixed Platforms.ActiveCfg = Redist|Any CPU
		{216D2C63-CD7A-4601-ABB2-A2C9C461F7FD}.Redist|Mixed Platforms.Build.0 = Redist|Any CPU
		{216D2C63-CD7A-4601-ABB2-A2C9C461F7FD}.Release|.NET.ActiveCfg = Release|Any CPU
		{216D2C63-CD7A-4601-ABB2-A2C9C461F7FD}.Release|Any CPU.ActiveCfg = Release|Any CPU
		{216D2C63-CD7A-4601-ABB2-A2C9C461F7FD}.Release|Any CPU.Build.0 = Release|Any CPU
		{216D2C63-CD7A-4601-ABB2-A2C9C461F7FD}.Release|Mixed Platforms.ActiveCfg = Release|Any CPU
		{216D2C63-CD7A-4601-ABB2-A2C9C461F7FD}.Release|Mixed Platforms.Build.0 = Release|Any CPU
		{335871C6-EDB6-481D-A34C-8E0B167BF392}.Debug|.NET.ActiveCfg = Debug|Any CPU
		{335871C6-EDB6-481D-A34C-8E0B167BF392}.Debug|Any CPU.ActiveCfg = Debug|Any CPU
		{335871C6-EDB6-481D-A34C-8E0B167BF392}.Debug|Any CPU.Build.0 = Debug|Any CPU
		{335871C6-EDB6-481D-A34C-8E0B167BF392}.Debug|Mixed Platforms.ActiveCfg = Debug|Any CPU
		{335871C6-EDB6-481D-A34C-8E0B167BF392}.Debug|Mixed Platforms.Build.0 = Debug|Any CPU
		{335871C6-EDB6-481D-A34C-8E0B167BF392}.Default|.NET.ActiveCfg = Debug|Any CPU
		{335871C6-EDB6-481D-A34C-8E0B167BF392}.Default|Any CPU.ActiveCfg = Debug|Any CPU
		{335871C6-EDB6-481D-A34C-8E0B167BF392}.Default|Any CPU.Build.0 = Debug|Any CPU
		{335871C6-EDB6-481D-A34C-8E0B167BF392}.Default|Mixed Platforms.ActiveCfg = Debug|Any CPU
		{335871C6-EDB6-481D-A34C-8E0B167BF392}.Default|Mixed Platforms.Build.0 = Debug|Any CPU
		{335871C6-EDB6-481D-A34C-8E0B167BF392}.Publish|.NET.ActiveCfg = Publish|Any CPU
		{335871C6-EDB6-481D-A34C-8E0B167BF392}.Publish|Any CPU.ActiveCfg = Publish|Any CPU
		{335871C6-EDB6-481D-A34C-8E0B167BF392}.Publish|Any CPU.Build.0 = Publish|Any CPU
		{335871C6-EDB6-481D-A34C-8E0B167BF392}.Publish|Mixed Platforms.ActiveCfg = Publish|Any CPU
		{335871C6-EDB6-481D-A34C-8E0B167BF392}.Publish|Mixed Platforms.Build.0 = Publish|Any CPU
		{335871C6-EDB6-481D-A34C-8E0B167BF392}.Redist|.NET.ActiveCfg = Redist|Any CPU
		{335871C6-EDB6-481D-A34C-8E0B167BF392}.Redist|Any CPU.ActiveCfg = Redist|Any CPU
		{335871C6-EDB6-481D-A34C-8E0B167BF392}.Redist|Any CPU.Build.0 = Redist|Any CPU
		{335871C6-EDB6-481D-A34C-8E0B167BF392}.Redist|Mixed Platforms.ActiveCfg = Redist|Any CPU
		{335871C6-EDB6-481D-A34C-8E0B167BF392}.Redist|Mixed Platforms.Build.0 = Redist|Any CPU
		{335871C6-EDB6-481D-A34C-8E0B167BF392}.Release|.NET.ActiveCfg = Release|Any CPU
		{335871C6-EDB6-481D-A34C-8E0B167BF392}.Release|Any CPU.ActiveCfg = Release|Any CPU
		{335871C6-EDB6-481D-A34C-8E0B167BF392}.Release|Any CPU.Build.0 = Release|Any CPU
		{335871C6-EDB6-481D-A34C-8E0B167BF392}.Release|Mixed Platforms.ActiveCfg = Release|Any CPU
		{335871C6-EDB6-481D-A34C-8E0B167BF392}.Release|Mixed Platforms.Build.0 = Release|Any CPU
		{94DFA057-C8D4-4ABB-97FA-DFA757F7DC37}.Debug|.NET.ActiveCfg = Debug|Any CPU
		{94DFA057-C8D4-4ABB-97FA-DFA757F7DC37}.Debug|Any CPU.ActiveCfg = Debug|Any CPU
		{94DFA057-C8D4-4ABB-97FA-DFA757F7DC37}.Debug|Any CPU.Build.0 = Debug|Any CPU
		{94DFA057-C8D4-4ABB-97FA-DFA757F7DC37}.Debug|Mixed Platforms.ActiveCfg = Debug|Any CPU
		{94DFA057-C8D4-4ABB-97FA-DFA757F7DC37}.Debug|Mixed Platforms.Build.0 = Debug|Any CPU
		{94DFA057-C8D4-4ABB-97FA-DFA757F7DC37}.Default|.NET.ActiveCfg = Debug|Any CPU
		{94DFA057-C8D4-4ABB-97FA-DFA757F7DC37}.Default|Any CPU.ActiveCfg = Debug|Any CPU
		{94DFA057-C8D4-4ABB-97FA-DFA757F7DC37}.Default|Any CPU.Build.0 = Debug|Any CPU
		{94DFA057-C8D4-4ABB-97FA-DFA757F7DC37}.Default|Mixed Platforms.ActiveCfg = Debug|Any CPU
		{94DFA057-C8D4-4ABB-97FA-DFA757F7DC37}.Default|Mixed Platforms.Build.0 = Debug|Any CPU
		{94DFA057-C8D4-4ABB-97FA-DFA757F7DC37}.Publish|.NET.ActiveCfg = Publish|Any CPU
		{94DFA057-C8D4-4ABB-97FA-DFA757F7DC37}.Publish|Any CPU.ActiveCfg = Publish|Any CPU
		{94DFA057-C8D4-4ABB-97FA-DFA757F7DC37}.Publish|Any CPU.Build.0 = Publish|Any CPU
		{94DFA057-C8D4-4ABB-97FA-DFA757F7DC37}.Publish|Mixed Platforms.ActiveCfg = Publish|Any CPU
		{94DFA057-C8D4-4ABB-97FA-DFA757F7DC37}.Publish|Mixed Platforms.Build.0 = Publish|Any CPU
		{94DFA057-C8D4-4ABB-97FA-DFA757F7DC37}.Redist|.NET.ActiveCfg = Redist|Any CPU
		{94DFA057-C8D4-4ABB-97FA-DFA757F7DC37}.Redist|Any CPU.ActiveCfg = Redist|Any CPU
		{94DFA057-C8D4-4ABB-97FA-DFA757F7DC37}.Redist|Any CPU.Build.0 = Redist|Any CPU
		{94DFA057-C8D4-4ABB-97FA-DFA757F7DC37}.Redist|Mixed Platforms.ActiveCfg = Redist|Any CPU
		{94DFA057-C8D4-4ABB-97FA-DFA757F7DC37}.Redist|Mixed Platforms.Build.0 = Redist|Any CPU
		{94DFA057-C8D4-4ABB-97FA-DFA757F7DC37}.Release|.NET.ActiveCfg = Release|Any CPU
		{94DFA057-C8D4-4ABB-97FA-DFA757F7DC37}.Release|Any CPU.ActiveCfg = Release|Any CPU
		{94DFA057-C8D4-4ABB-97FA-DFA757F7DC37}.Release|Any CPU.Build.0 = Release|Any CPU
		{94DFA057-C8D4-4ABB-97FA-DFA757F7DC37}.Release|Mixed Platforms.ActiveCfg = Release|Any CPU
		{94DFA057-C8D4-4ABB-97FA-DFA757F7DC37}.Release|Mixed Platforms.Build.0 = Release|Any CPU
		{0CA5E827-B910-4CAE-9899-2972696BCEA6}.Debug|.NET.ActiveCfg = Debug|Any CPU
		{0CA5E827-B910-4CAE-9899-2972696BCEA6}.Debug|Any CPU.ActiveCfg = Debug|Any CPU
		{0CA5E827-B910-4CAE-9899-2972696BCEA6}.Debug|Any CPU.Build.0 = Debug|Any CPU
		{0CA5E827-B910-4CAE-9899-2972696BCEA6}.Debug|Mixed Platforms.ActiveCfg = Debug|Any CPU
		{0CA5E827-B910-4CAE-9899-2972696BCEA6}.Debug|Mixed Platforms.Build.0 = Debug|Any CPU
		{0CA5E827-B910-4CAE-9899-2972696BCEA6}.Default|.NET.ActiveCfg = Debug|Any CPU
		{0CA5E827-B910-4CAE-9899-2972696BCEA6}.Default|Any CPU.ActiveCfg = Debug|Any CPU
		{0CA5E827-B910-4CAE-9899-2972696BCEA6}.Default|Any CPU.Build.0 = Debug|Any CPU
		{0CA5E827-B910-4CAE-9899-2972696BCEA6}.Default|Mixed Platforms.ActiveCfg = Debug|Any CPU
		{0CA5E827-B910-4CAE-9899-2972696BCEA6}.Default|Mixed Platforms.Build.0 = Debug|Any CPU
		{0CA5E827-B910-4CAE-9899-2972696BCEA6}.Publish|.NET.ActiveCfg = Publish|Any CPU
		{0CA5E827-B910-4CAE-9899-2972696BCEA6}.Publish|Any CPU.ActiveCfg = Publish|Any CPU
		{0CA5E827-B910-4CAE-9899-2972696BCEA6}.Publish|Any CPU.Build.0 = Publish|Any CPU
		{0CA5E827-B910-4CAE-9899-2972696BCEA6}.Publish|Mixed Platforms.ActiveCfg = Publish|Any CPU
		{0CA5E827-B910-4CAE-9899-2972696BCEA6}.Publish|Mixed Platforms.Build.0 = Publish|Any CPU
		{0CA5E827-B910-4CAE-9899-2972696BCEA6}.Redist|.NET.ActiveCfg = Redist|Any CPU
		{0CA5E827-B910-4CAE-9899-2972696BCEA6}.Redist|Any CPU.ActiveCfg = Redist|Any CPU
		{0CA5E827-B910-4CAE-9899-2972696BCEA6}.Redist|Any CPU.Build.0 = Redist|Any CPU
		{0CA5E827-B910-4CAE-9899-2972696BCEA6}.Redist|Mixed Platforms.ActiveCfg = Redist|Any CPU
		{0CA5E827-B910-4CAE-9899-2972696BCEA6}.Redist|Mixed Platforms.Build.0 = Redist|Any CPU
		{0CA5E827-B910-4CAE-9899-2972696BCEA6}.Release|.NET.ActiveCfg = Release|Any CPU
		{0CA5E827-B910-4CAE-9899-2972696BCEA6}.Release|Any CPU.ActiveCfg = Release|Any CPU
		{0CA5E827-B910-4CAE-9899-2972696BCEA6}.Release|Any CPU.Build.0 = Release|Any CPU
		{0CA5E827-B910-4CAE-9899-2972696BCEA6}.Release|Mixed Platforms.ActiveCfg = Release|Any CPU
		{0CA5E827-B910-4CAE-9899-2972696BCEA6}.Release|Mixed Platforms.Build.0 = Release|Any CPU
		{3B916091-E6E5-472B-8674-A6C0D870C18E}.Debug|.NET.ActiveCfg = Debug|Any CPU
		{3B916091-E6E5-472B-8674-A6C0D870C18E}.Debug|Any CPU.ActiveCfg = Debug|Any CPU
		{3B916091-E6E5-472B-8674-A6C0D870C18E}.Debug|Any CPU.Build.0 = Debug|Any CPU
		{3B916091-E6E5-472B-8674-A6C0D870C18E}.Debug|Mixed Platforms.ActiveCfg = Debug|Any CPU
		{3B916091-E6E5-472B-8674-A6C0D870C18E}.Debug|Mixed Platforms.Build.0 = Debug|Any CPU
		{3B916091-E6E5-472B-8674-A6C0D870C18E}.Default|.NET.ActiveCfg = Debug|Any CPU
		{3B916091-E6E5-472B-8674-A6C0D870C18E}.Default|Any CPU.ActiveCfg = Debug|Any CPU
		{3B916091-E6E5-472B-8674-A6C0D870C18E}.Default|Any CPU.Build.0 = Debug|Any CPU
		{3B916091-E6E5-472B-8674-A6C0D870C18E}.Default|Mixed Platforms.ActiveCfg = Debug|Any CPU
		{3B916091-E6E5-472B-8674-A6C0D870C18E}.Default|Mixed Platforms.Build.0 = Debug|Any CPU
		{3B916091-E6E5-472B-8674-A6C0D870C18E}.Publish|.NET.ActiveCfg = Release|Any CPU
		{3B916091-E6E5-472B-8674-A6C0D870C18E}.Publish|Any CPU.ActiveCfg = Release|Any CPU
		{3B916091-E6E5-472B-8674-A6C0D870C18E}.Publish|Any CPU.Build.0 = Release|Any CPU
		{3B916091-E6E5-472B-8674-A6C0D870C18E}.Publish|Mixed Platforms.ActiveCfg = Release|Any CPU
		{3B916091-E6E5-472B-8674-A6C0D870C18E}.Publish|Mixed Platforms.Build.0 = Release|Any CPU
		{3B916091-E6E5-472B-8674-A6C0D870C18E}.Redist|.NET.ActiveCfg = Redist|Any CPU
		{3B916091-E6E5-472B-8674-A6C0D870C18E}.Redist|Any CPU.ActiveCfg = Redist|Any CPU
		{3B916091-E6E5-472B-8674-A6C0D870C18E}.Redist|Any CPU.Build.0 = Redist|Any CPU
		{3B916091-E6E5-472B-8674-A6C0D870C18E}.Redist|Mixed Platforms.ActiveCfg = Redist|Any CPU
		{3B916091-E6E5-472B-8674-A6C0D870C18E}.Redist|Mixed Platforms.Build.0 = Redist|Any CPU
		{3B916091-E6E5-472B-8674-A6C0D870C18E}.Release|.NET.ActiveCfg = Release|Any CPU
		{3B916091-E6E5-472B-8674-A6C0D870C18E}.Release|Any CPU.ActiveCfg = Release|Any CPU
		{3B916091-E6E5-472B-8674-A6C0D870C18E}.Release|Any CPU.Build.0 = Release|Any CPU
		{3B916091-E6E5-472B-8674-A6C0D870C18E}.Release|Mixed Platforms.ActiveCfg = Release|Any CPU
		{3B916091-E6E5-472B-8674-A6C0D870C18E}.Release|Mixed Platforms.Build.0 = Release|Any CPU
		{D5B33537-9C4F-4302-8EA1-F78A6AEFAA79}.Debug|.NET.ActiveCfg = Debug|Any CPU
		{D5B33537-9C4F-4302-8EA1-F78A6AEFAA79}.Debug|Any CPU.ActiveCfg = Debug|Any CPU
		{D5B33537-9C4F-4302-8EA1-F78A6AEFAA79}.Debug|Any CPU.Build.0 = Debug|Any CPU
		{D5B33537-9C4F-4302-8EA1-F78A6AEFAA79}.Debug|Mixed Platforms.ActiveCfg = Debug|Any CPU
		{D5B33537-9C4F-4302-8EA1-F78A6AEFAA79}.Debug|Mixed Platforms.Build.0 = Debug|Any CPU
		{D5B33537-9C4F-4302-8EA1-F78A6AEFAA79}.Default|.NET.ActiveCfg = Debug|Any CPU
		{D5B33537-9C4F-4302-8EA1-F78A6AEFAA79}.Default|Any CPU.ActiveCfg = Debug|Any CPU
		{D5B33537-9C4F-4302-8EA1-F78A6AEFAA79}.Default|Any CPU.Build.0 = Debug|Any CPU
		{D5B33537-9C4F-4302-8EA1-F78A6AEFAA79}.Default|Mixed Platforms.ActiveCfg = Debug|Any CPU
		{D5B33537-9C4F-4302-8EA1-F78A6AEFAA79}.Default|Mixed Platforms.Build.0 = Debug|Any CPU
		{D5B33537-9C4F-4302-8EA1-F78A6AEFAA79}.Publish|.NET.ActiveCfg = Release|Any CPU
		{D5B33537-9C4F-4302-8EA1-F78A6AEFAA79}.Publish|Any CPU.ActiveCfg = Release|Any CPU
		{D5B33537-9C4F-4302-8EA1-F78A6AEFAA79}.Publish|Any CPU.Build.0 = Release|Any CPU
		{D5B33537-9C4F-4302-8EA1-F78A6AEFAA79}.Publish|Mixed Platforms.ActiveCfg = Release|Any CPU
		{D5B33537-9C4F-4302-8EA1-F78A6AEFAA79}.Publish|Mixed Platforms.Build.0 = Release|Any CPU
		{D5B33537-9C4F-4302-8EA1-F78A6AEFAA79}.Redist|.NET.ActiveCfg = Redist|Any CPU
		{D5B33537-9C4F-4302-8EA1-F78A6AEFAA79}.Redist|Any CPU.ActiveCfg = Redist|Any CPU
		{D5B33537-9C4F-4302-8EA1-F78A6AEFAA79}.Redist|Any CPU.Build.0 = Redist|Any CPU
		{D5B33537-9C4F-4302-8EA1-F78A6AEFAA79}.Redist|Mixed Platforms.ActiveCfg = Redist|Any CPU
		{D5B33537-9C4F-4302-8EA1-F78A6AEFAA79}.Redist|Mixed Platforms.Build.0 = Redist|Any CPU
		{D5B33537-9C4F-4302-8EA1-F78A6AEFAA79}.Release|.NET.ActiveCfg = Release|Any CPU
		{D5B33537-9C4F-4302-8EA1-F78A6AEFAA79}.Release|Any CPU.ActiveCfg = Release|Any CPU
		{D5B33537-9C4F-4302-8EA1-F78A6AEFAA79}.Release|Any CPU.Build.0 = Release|Any CPU
		{D5B33537-9C4F-4302-8EA1-F78A6AEFAA79}.Release|Mixed Platforms.ActiveCfg = Release|Any CPU
		{D5B33537-9C4F-4302-8EA1-F78A6AEFAA79}.Release|Mixed Platforms.Build.0 = Release|Any CPU
		{267A908C-738F-4041-ADEE-69C6F9A1E607}.Debug|.NET.ActiveCfg = Debug|Any CPU
		{267A908C-738F-4041-ADEE-69C6F9A1E607}.Debug|Any CPU.ActiveCfg = Debug|Any CPU
		{267A908C-738F-4041-ADEE-69C6F9A1E607}.Debug|Any CPU.Build.0 = Debug|Any CPU
		{267A908C-738F-4041-ADEE-69C6F9A1E607}.Debug|Mixed Platforms.ActiveCfg = Debug|Any CPU
		{267A908C-738F-4041-ADEE-69C6F9A1E607}.Debug|Mixed Platforms.Build.0 = Debug|Any CPU
		{267A908C-738F-4041-ADEE-69C6F9A1E607}.Default|.NET.ActiveCfg = Debug|Any CPU
		{267A908C-738F-4041-ADEE-69C6F9A1E607}.Default|Any CPU.ActiveCfg = Debug|Any CPU
		{267A908C-738F-4041-ADEE-69C6F9A1E607}.Default|Any CPU.Build.0 = Debug|Any CPU
		{267A908C-738F-4041-ADEE-69C6F9A1E607}.Default|Mixed Platforms.ActiveCfg = Debug|Any CPU
		{267A908C-738F-4041-ADEE-69C6F9A1E607}.Default|Mixed Platforms.Build.0 = Debug|Any CPU
		{267A908C-738F-4041-ADEE-69C6F9A1E607}.Publish|.NET.ActiveCfg = Release|Any CPU
		{267A908C-738F-4041-ADEE-69C6F9A1E607}.Publish|Any CPU.ActiveCfg = Release|Any CPU
		{267A908C-738F-4041-ADEE-69C6F9A1E607}.Publish|Any CPU.Build.0 = Release|Any CPU
		{267A908C-738F-4041-ADEE-69C6F9A1E607}.Publish|Mixed Platforms.ActiveCfg = Release|Any CPU
		{267A908C-738F-4041-ADEE-69C6F9A1E607}.Publish|Mixed Platforms.Build.0 = Release|Any CPU
		{267A908C-738F-4041-ADEE-69C6F9A1E607}.Redist|.NET.ActiveCfg = Redist|Any CPU
		{267A908C-738F-4041-ADEE-69C6F9A1E607}.Redist|Any CPU.ActiveCfg = Redist|Any CPU
		{267A908C-738F-4041-ADEE-69C6F9A1E607}.Redist|Any CPU.Build.0 = Redist|Any CPU
		{267A908C-738F-4041-ADEE-69C6F9A1E607}.Redist|Mixed Platforms.ActiveCfg = Redist|Any CPU
		{267A908C-738F-4041-ADEE-69C6F9A1E607}.Redist|Mixed Platforms.Build.0 = Redist|Any CPU
		{267A908C-738F-4041-ADEE-69C6F9A1E607}.Release|.NET.ActiveCfg = Release|Any CPU
		{267A908C-738F-4041-ADEE-69C6F9A1E607}.Release|Any CPU.ActiveCfg = Release|Any CPU
		{267A908C-738F-4041-ADEE-69C6F9A1E607}.Release|Any CPU.Build.0 = Release|Any CPU
		{267A908C-738F-4041-ADEE-69C6F9A1E607}.Release|Mixed Platforms.ActiveCfg = Release|Any CPU
		{267A908C-738F-4041-ADEE-69C6F9A1E607}.Release|Mixed Platforms.Build.0 = Release|Any CPU
		{8EB503B6-B001-4DD6-8B7E-AB217DAC5FE5}.Debug|.NET.ActiveCfg = Debug|Any CPU
		{8EB503B6-B001-4DD6-8B7E-AB217DAC5FE5}.Debug|Any CPU.ActiveCfg = Debug|Any CPU
		{8EB503B6-B001-4DD6-8B7E-AB217DAC5FE5}.Debug|Any CPU.Build.0 = Debug|Any CPU
		{8EB503B6-B001-4DD6-8B7E-AB217DAC5FE5}.Debug|Mixed Platforms.ActiveCfg = Debug|Any CPU
		{8EB503B6-B001-4DD6-8B7E-AB217DAC5FE5}.Debug|Mixed Platforms.Build.0 = Debug|Any CPU
		{8EB503B6-B001-4DD6-8B7E-AB217DAC5FE5}.Default|.NET.ActiveCfg = Debug|Any CPU
		{8EB503B6-B001-4DD6-8B7E-AB217DAC5FE5}.Default|Any CPU.ActiveCfg = Debug|Any CPU
		{8EB503B6-B001-4DD6-8B7E-AB217DAC5FE5}.Default|Any CPU.Build.0 = Debug|Any CPU
		{8EB503B6-B001-4DD6-8B7E-AB217DAC5FE5}.Default|Mixed Platforms.ActiveCfg = Debug|Any CPU
		{8EB503B6-B001-4DD6-8B7E-AB217DAC5FE5}.Default|Mixed Platforms.Build.0 = Debug|Any CPU
		{8EB503B6-B001-4DD6-8B7E-AB217DAC5FE5}.Publish|.NET.ActiveCfg = Release|Any CPU
		{8EB503B6-B001-4DD6-8B7E-AB217DAC5FE5}.Publish|Any CPU.ActiveCfg = Release|Any CPU
		{8EB503B6-B001-4DD6-8B7E-AB217DAC5FE5}.Publish|Any CPU.Build.0 = Release|Any CPU
		{8EB503B6-B001-4DD6-8B7E-AB217DAC5FE5}.Publish|Mixed Platforms.ActiveCfg = Release|Any CPU
		{8EB503B6-B001-4DD6-8B7E-AB217DAC5FE5}.Publish|Mixed Platforms.Build.0 = Release|Any CPU
		{8EB503B6-B001-4DD6-8B7E-AB217DAC5FE5}.Redist|.NET.ActiveCfg = Release|Any CPU
		{8EB503B6-B001-4DD6-8B7E-AB217DAC5FE5}.Redist|Any CPU.ActiveCfg = Release|Any CPU
		{8EB503B6-B001-4DD6-8B7E-AB217DAC5FE5}.Redist|Any CPU.Build.0 = Release|Any CPU
		{8EB503B6-B001-4DD6-8B7E-AB217DAC5FE5}.Redist|Mixed Platforms.ActiveCfg = Release|Any CPU
		{8EB503B6-B001-4DD6-8B7E-AB217DAC5FE5}.Redist|Mixed Platforms.Build.0 = Release|Any CPU
		{8EB503B6-B001-4DD6-8B7E-AB217DAC5FE5}.Release|.NET.ActiveCfg = Release|Any CPU
		{8EB503B6-B001-4DD6-8B7E-AB217DAC5FE5}.Release|Any CPU.ActiveCfg = Release|Any CPU
		{8EB503B6-B001-4DD6-8B7E-AB217DAC5FE5}.Release|Any CPU.Build.0 = Release|Any CPU
		{8EB503B6-B001-4DD6-8B7E-AB217DAC5FE5}.Release|Mixed Platforms.ActiveCfg = Release|Any CPU
		{8EB503B6-B001-4DD6-8B7E-AB217DAC5FE5}.Release|Mixed Platforms.Build.0 = Release|Any CPU
		{CFD66108-9F07-41E8-89BB-7984BA82F23B}.Debug|.NET.ActiveCfg = Debug|Any CPU
		{CFD66108-9F07-41E8-89BB-7984BA82F23B}.Debug|Any CPU.ActiveCfg = Debug|Any CPU
		{CFD66108-9F07-41E8-89BB-7984BA82F23B}.Debug|Any CPU.Build.0 = Debug|Any CPU
		{CFD66108-9F07-41E8-89BB-7984BA82F23B}.Debug|Mixed Platforms.ActiveCfg = Debug|Any CPU
		{CFD66108-9F07-41E8-89BB-7984BA82F23B}.Debug|Mixed Platforms.Build.0 = Debug|Any CPU
		{CFD66108-9F07-41E8-89BB-7984BA82F23B}.Default|.NET.ActiveCfg = Debug|Any CPU
		{CFD66108-9F07-41E8-89BB-7984BA82F23B}.Default|Any CPU.ActiveCfg = Debug|Any CPU
		{CFD66108-9F07-41E8-89BB-7984BA82F23B}.Default|Any CPU.Build.0 = Debug|Any CPU
		{CFD66108-9F07-41E8-89BB-7984BA82F23B}.Default|Mixed Platforms.ActiveCfg = Debug|Any CPU
		{CFD66108-9F07-41E8-89BB-7984BA82F23B}.Default|Mixed Platforms.Build.0 = Debug|Any CPU
		{CFD66108-9F07-41E8-89BB-7984BA82F23B}.Publish|.NET.ActiveCfg = Release|Any CPU
		{CFD66108-9F07-41E8-89BB-7984BA82F23B}.Publish|Any CPU.ActiveCfg = Release|Any CPU
		{CFD66108-9F07-41E8-89BB-7984BA82F23B}.Publish|Any CPU.Build.0 = Release|Any CPU
		{CFD66108-9F07-41E8-89BB-7984BA82F23B}.Publish|Mixed Platforms.ActiveCfg = Release|Any CPU
		{CFD66108-9F07-41E8-89BB-7984BA82F23B}.Publish|Mixed Platforms.Build.0 = Release|Any CPU
		{CFD66108-9F07-41E8-89BB-7984BA82F23B}.Redist|.NET.ActiveCfg = Release|Any CPU
		{CFD66108-9F07-41E8-89BB-7984BA82F23B}.Redist|Any CPU.ActiveCfg = Release|Any CPU
		{CFD66108-9F07-41E8-89BB-7984BA82F23B}.Redist|Any CPU.Build.0 = Release|Any CPU
		{CFD66108-9F07-41E8-89BB-7984BA82F23B}.Redist|Mixed Platforms.ActiveCfg = Release|Any CPU
		{CFD66108-9F07-41E8-89BB-7984BA82F23B}.Redist|Mixed Platforms.Build.0 = Release|Any CPU
		{CFD66108-9F07-41E8-89BB-7984BA82F23B}.Release|.NET.ActiveCfg = Release|Any CPU
		{CFD66108-9F07-41E8-89BB-7984BA82F23B}.Release|Any CPU.ActiveCfg = Release|Any CPU
		{CFD66108-9F07-41E8-89BB-7984BA82F23B}.Release|Any CPU.Build.0 = Release|Any CPU
		{CFD66108-9F07-41E8-89BB-7984BA82F23B}.Release|Mixed Platforms.ActiveCfg = Release|Any CPU
		{CFD66108-9F07-41E8-89BB-7984BA82F23B}.Release|Mixed Platforms.Build.0 = Release|Any CPU
		{9CD3A1CE-966F-4EF0-88EF-25F5E540508A}.Debug|.NET.ActiveCfg = Debug|Any CPU
		{9CD3A1CE-966F-4EF0-88EF-25F5E540508A}.Debug|Any CPU.ActiveCfg = Debug|Any CPU
		{9CD3A1CE-966F-4EF0-88EF-25F5E540508A}.Debug|Any CPU.Build.0 = Debug|Any CPU
		{9CD3A1CE-966F-4EF0-88EF-25F5E540508A}.Debug|Mixed Platforms.ActiveCfg = Debug|Any CPU
		{9CD3A1CE-966F-4EF0-88EF-25F5E540508A}.Debug|Mixed Platforms.Build.0 = Debug|Any CPU
		{9CD3A1CE-966F-4EF0-88EF-25F5E540508A}.Default|.NET.ActiveCfg = Debug|Any CPU
		{9CD3A1CE-966F-4EF0-88EF-25F5E540508A}.Default|Any CPU.ActiveCfg = Debug|Any CPU
		{9CD3A1CE-966F-4EF0-88EF-25F5E540508A}.Default|Any CPU.Build.0 = Debug|Any CPU
		{9CD3A1CE-966F-4EF0-88EF-25F5E540508A}.Default|Mixed Platforms.ActiveCfg = Debug|Any CPU
		{9CD3A1CE-966F-4EF0-88EF-25F5E540508A}.Default|Mixed Platforms.Build.0 = Debug|Any CPU
		{9CD3A1CE-966F-4EF0-88EF-25F5E540508A}.Publish|.NET.ActiveCfg = Release|Any CPU
		{9CD3A1CE-966F-4EF0-88EF-25F5E540508A}.Publish|Any CPU.ActiveCfg = Release|Any CPU
		{9CD3A1CE-966F-4EF0-88EF-25F5E540508A}.Publish|Any CPU.Build.0 = Release|Any CPU
		{9CD3A1CE-966F-4EF0-88EF-25F5E540508A}.Publish|Mixed Platforms.ActiveCfg = Release|Any CPU
		{9CD3A1CE-966F-4EF0-88EF-25F5E540508A}.Publish|Mixed Platforms.Build.0 = Release|Any CPU
		{9CD3A1CE-966F-4EF0-88EF-25F5E540508A}.Redist|.NET.ActiveCfg = Release|Any CPU
		{9CD3A1CE-966F-4EF0-88EF-25F5E540508A}.Redist|Any CPU.ActiveCfg = Release|Any CPU
		{9CD3A1CE-966F-4EF0-88EF-25F5E540508A}.Redist|Any CPU.Build.0 = Release|Any CPU
		{9CD3A1CE-966F-4EF0-88EF-25F5E540508A}.Redist|Mixed Platforms.ActiveCfg = Release|Any CPU
		{9CD3A1CE-966F-4EF0-88EF-25F5E540508A}.Redist|Mixed Platforms.Build.0 = Release|Any CPU
		{9CD3A1CE-966F-4EF0-88EF-25F5E540508A}.Release|.NET.ActiveCfg = Release|Any CPU
		{9CD3A1CE-966F-4EF0-88EF-25F5E540508A}.Release|Any CPU.ActiveCfg = Release|Any CPU
		{9CD3A1CE-966F-4EF0-88EF-25F5E540508A}.Release|Any CPU.Build.0 = Release|Any CPU
		{9CD3A1CE-966F-4EF0-88EF-25F5E540508A}.Release|Mixed Platforms.ActiveCfg = Release|Any CPU
		{9CD3A1CE-966F-4EF0-88EF-25F5E540508A}.Release|Mixed Platforms.Build.0 = Release|Any CPU
		{0D0492AD-ACA1-403A-B6D9-8B596A3C66A5}.Debug|.NET.ActiveCfg = Debug|Any CPU
		{0D0492AD-ACA1-403A-B6D9-8B596A3C66A5}.Debug|Any CPU.ActiveCfg = Debug|Any CPU
		{0D0492AD-ACA1-403A-B6D9-8B596A3C66A5}.Debug|Any CPU.Build.0 = Debug|Any CPU
		{0D0492AD-ACA1-403A-B6D9-8B596A3C66A5}.Debug|Mixed Platforms.ActiveCfg = Debug|Any CPU
		{0D0492AD-ACA1-403A-B6D9-8B596A3C66A5}.Debug|Mixed Platforms.Build.0 = Debug|Any CPU
		{0D0492AD-ACA1-403A-B6D9-8B596A3C66A5}.Default|.NET.ActiveCfg = Debug|Any CPU
		{0D0492AD-ACA1-403A-B6D9-8B596A3C66A5}.Default|Any CPU.ActiveCfg = Debug|Any CPU
		{0D0492AD-ACA1-403A-B6D9-8B596A3C66A5}.Default|Any CPU.Build.0 = Debug|Any CPU
		{0D0492AD-ACA1-403A-B6D9-8B596A3C66A5}.Default|Mixed Platforms.ActiveCfg = Debug|Any CPU
		{0D0492AD-ACA1-403A-B6D9-8B596A3C66A5}.Default|Mixed Platforms.Build.0 = Debug|Any CPU
		{0D0492AD-ACA1-403A-B6D9-8B596A3C66A5}.Publish|.NET.ActiveCfg = Release|Any CPU
		{0D0492AD-ACA1-403A-B6D9-8B596A3C66A5}.Publish|Any CPU.ActiveCfg = Release|Any CPU
		{0D0492AD-ACA1-403A-B6D9-8B596A3C66A5}.Publish|Any CPU.Build.0 = Release|Any CPU
		{0D0492AD-ACA1-403A-B6D9-8B596A3C66A5}.Publish|Mixed Platforms.ActiveCfg = Release|Any CPU
		{0D0492AD-ACA1-403A-B6D9-8B596A3C66A5}.Publish|Mixed Platforms.Build.0 = Release|Any CPU
		{0D0492AD-ACA1-403A-B6D9-8B596A3C66A5}.Redist|.NET.ActiveCfg = Release|Any CPU
		{0D0492AD-ACA1-403A-B6D9-8B596A3C66A5}.Redist|Any CPU.ActiveCfg = Release|Any CPU
		{0D0492AD-ACA1-403A-B6D9-8B596A3C66A5}.Redist|Any CPU.Build.0 = Release|Any CPU
		{0D0492AD-ACA1-403A-B6D9-8B596A3C66A5}.Redist|Mixed Platforms.ActiveCfg = Release|Any CPU
		{0D0492AD-ACA1-403A-B6D9-8B596A3C66A5}.Redist|Mixed Platforms.Build.0 = Release|Any CPU
		{0D0492AD-ACA1-403A-B6D9-8B596A3C66A5}.Release|.NET.ActiveCfg = Release|Any CPU
		{0D0492AD-ACA1-403A-B6D9-8B596A3C66A5}.Release|Any CPU.ActiveCfg = Release|Any CPU
		{0D0492AD-ACA1-403A-B6D9-8B596A3C66A5}.Release|Any CPU.Build.0 = Release|Any CPU
		{0D0492AD-ACA1-403A-B6D9-8B596A3C66A5}.Release|Mixed Platforms.ActiveCfg = Release|Any CPU
		{0D0492AD-ACA1-403A-B6D9-8B596A3C66A5}.Release|Mixed Platforms.Build.0 = Release|Any CPU
	EndGlobalSection
	GlobalSection(SolutionProperties) = preSolution
		HideSolutionNode = FALSE
	EndGlobalSection
	GlobalSection(NestedProjects) = preSolution
		{CFD66108-9F07-41E8-89BB-7984BA82F23B} = {79CC837B-1701-4489-AECE-B4536FD69042}
		{9CD3A1CE-966F-4EF0-88EF-25F5E540508A} = {79CC837B-1701-4489-AECE-B4536FD69042}
		{0D0492AD-ACA1-403A-B6D9-8B596A3C66A5} = {8FC4B50B-852F-4384-A7EF-777503009B6A}
	EndGlobalSection
EndGlobal
